// !$*UTF8*$!
{
	archiveVersion = 1;
	classes = {
	};
	objectVersion = 56;
	objects = {

/* Begin PBXBuildFile section */
		AA0E596D2A31B10A00C5D082 /* CurrencyConverterViewControllerItemViewModel.swift in Sources */ = {isa = PBXBuildFile; fileRef = AA0E596C2A31B10A00C5D082 /* CurrencyConverterViewControllerItemViewModel.swift */; };
		AA0E596F2A31BCF800C5D082 /* CurrencyConverterViewController.swift in Sources */ = {isa = PBXBuildFile; fileRef = AA0E596E2A31BCF800C5D082 /* CurrencyConverterViewController.swift */; };
		AA0E59712A31BD0B00C5D082 /* CurrencyConverterViewController+Layout.swift in Sources */ = {isa = PBXBuildFile; fileRef = AA0E59702A31BD0B00C5D082 /* CurrencyConverterViewController+Layout.swift */; };
		AA0E59732A31BD1200C5D082 /* CurrencyConverterViewController+Styles.swift in Sources */ = {isa = PBXBuildFile; fileRef = AA0E59722A31BD1200C5D082 /* CurrencyConverterViewController+Styles.swift */; };
		AA0E59752A31C11900C5D082 /* CurrencyConverterViewControllerItemCell.swift in Sources */ = {isa = PBXBuildFile; fileRef = AA0E59742A31C11900C5D082 /* CurrencyConverterViewControllerItemCell.swift */; };
		AA0E59772A31C14400C5D082 /* CurrencyConverterViewControllerItemCell+Styles.swift in Sources */ = {isa = PBXBuildFile; fileRef = AA0E59762A31C14400C5D082 /* CurrencyConverterViewControllerItemCell+Styles.swift */; };
		AA0E59792A31C14C00C5D082 /* CurrencyConverterViewControllerItemCell+Layout.swift in Sources */ = {isa = PBXBuildFile; fileRef = AA0E59782A31C14C00C5D082 /* CurrencyConverterViewControllerItemCell+Layout.swift */; };
		AA0E597D2A31C72F00C5D082 /* TextFieldWithInsets.swift in Sources */ = {isa = PBXBuildFile; fileRef = AA0E597C2A31C72F00C5D082 /* TextFieldWithInsets.swift */; };
		AA0E597F2A31D1E400C5D082 /* LatestRatesServiceCachedTests.swift in Sources */ = {isa = PBXBuildFile; fileRef = AA0E597E2A31D1E400C5D082 /* LatestRatesServiceCachedTests.swift */; };
		AA0E59812A31D37900C5D082 /* LatestRatesServiceCached.swift in Sources */ = {isa = PBXBuildFile; fileRef = AA0E59802A31D37900C5D082 /* LatestRatesServiceCached.swift */; };
		AA0E59832A31D4DB00C5D082 /* DateProviderImpl.swift in Sources */ = {isa = PBXBuildFile; fileRef = AA0E59822A31D4DB00C5D082 /* DateProviderImpl.swift */; };
		AA0E59882A32051700C5D082 /* SelectCurrencyFlowModel.swift in Sources */ = {isa = PBXBuildFile; fileRef = AA0E59872A32051700C5D082 /* SelectCurrencyFlowModel.swift */; };
		AA0E598A2A32072700C5D082 /* SelectCurrencyFlowModelFactory.swift in Sources */ = {isa = PBXBuildFile; fileRef = AA0E59892A32072700C5D082 /* SelectCurrencyFlowModelFactory.swift */; };
		AA0E598C2A32077600C5D082 /* SelectCurrencyFlowModelImpl.swift in Sources */ = {isa = PBXBuildFile; fileRef = AA0E598B2A32077600C5D082 /* SelectCurrencyFlowModelImpl.swift */; };
		AA0E59902A32082400C5D082 /* SelectCurrencyFlowModelImplTests.swift in Sources */ = {isa = PBXBuildFile; fileRef = AA0E598F2A32082400C5D082 /* SelectCurrencyFlowModelImplTests.swift */; };
		AA0E59922A32089D00C5D082 /* CurrencySelectionViewControllerViewModelFactory.swift in Sources */ = {isa = PBXBuildFile; fileRef = AA0E59912A32089D00C5D082 /* CurrencySelectionViewControllerViewModelFactory.swift */; };
		AA0E59942A3208E300C5D082 /* CurrencySelectionViewControllerViewModelImplFactory.swift in Sources */ = {isa = PBXBuildFile; fileRef = AA0E59932A3208E300C5D082 /* CurrencySelectionViewControllerViewModelImplFactory.swift */; };
		AA0E59972A32154600C5D082 /* SelectCurrencyFlowPresenter.swift in Sources */ = {isa = PBXBuildFile; fileRef = AA0E59962A32154600C5D082 /* SelectCurrencyFlowPresenter.swift */; };
		AA0E59992A3215DA00C5D082 /* SelectCurrencyFlowPresenterFactory.swift in Sources */ = {isa = PBXBuildFile; fileRef = AA0E59982A3215DA00C5D082 /* SelectCurrencyFlowPresenterFactory.swift */; };
		AA0E599B2A3216B100C5D082 /* SelectCurrencyFlowPresenterImpl.swift in Sources */ = {isa = PBXBuildFile; fileRef = AA0E599A2A3216B100C5D082 /* SelectCurrencyFlowPresenterImpl.swift */; };
		AA0E599F2A32193F00C5D082 /* MainFlowModel.swift in Sources */ = {isa = PBXBuildFile; fileRef = AA0E599E2A32193F00C5D082 /* MainFlowModel.swift */; };
		AA0E59A12A3219BB00C5D082 /* MainFlowModelImpl.swift in Sources */ = {isa = PBXBuildFile; fileRef = AA0E59A02A3219BB00C5D082 /* MainFlowModelImpl.swift */; };
		AA0E59A32A321B0900C5D082 /* CurrencyConverterViewControllerViewModelFactory.swift in Sources */ = {isa = PBXBuildFile; fileRef = AA0E59A22A321B0900C5D082 /* CurrencyConverterViewControllerViewModelFactory.swift */; };
		AA0E59A52A321B3A00C5D082 /* CurrencyConverterViewControllerViewModelImplFactory.swift in Sources */ = {isa = PBXBuildFile; fileRef = AA0E59A42A321B3A00C5D082 /* CurrencyConverterViewControllerViewModelImplFactory.swift */; };
		AA0E59A72A321D7D00C5D082 /* MainFlowModelImplTests.swift in Sources */ = {isa = PBXBuildFile; fileRef = AA0E59A62A321D7D00C5D082 /* MainFlowModelImplTests.swift */; };
		AA1439842A2FC58E00D8F604 /* CurrenciesEmojies.swift in Sources */ = {isa = PBXBuildFile; fileRef = AA1439832A2FC58E00D8F604 /* CurrenciesEmojies.swift */; };
		AA1439882A2FCCBB00D8F604 /* BinaryLocalStorage.swift in Sources */ = {isa = PBXBuildFile; fileRef = AA1439872A2FCCBB00D8F604 /* BinaryLocalStorage.swift */; };
		AA14398B2A2FCCDC00D8F604 /* BinaryLocalStorageImpl.swift in Sources */ = {isa = PBXBuildFile; fileRef = AA14398A2A2FCCDC00D8F604 /* BinaryLocalStorageImpl.swift */; };
		AA14398F2A2FCD6600D8F604 /* BinaryLocalStorageImplTests.swift in Sources */ = {isa = PBXBuildFile; fileRef = AA14398E2A2FCD6600D8F604 /* BinaryLocalStorageImplTests.swift */; };
		AA1439922A2FD3BD00D8F604 /* LocalStorage.swift in Sources */ = {isa = PBXBuildFile; fileRef = AA1439912A2FD3BD00D8F604 /* LocalStorage.swift */; };
		AA1439952A2FD41600D8F604 /* DataCoderJSONTests.swift in Sources */ = {isa = PBXBuildFile; fileRef = AA1439942A2FD41600D8F604 /* DataCoderJSONTests.swift */; };
		AA1439982A2FD48900D8F604 /* DataCoder.swift in Sources */ = {isa = PBXBuildFile; fileRef = AA1439972A2FD48900D8F604 /* DataCoder.swift */; };
		AA14399A2A2FD48E00D8F604 /* DataCoderJSON.swift in Sources */ = {isa = PBXBuildFile; fileRef = AA1439992A2FD48E00D8F604 /* DataCoderJSON.swift */; };
		AA14399C2A2FD5D700D8F604 /* LocalStorageFilesTests.swift in Sources */ = {isa = PBXBuildFile; fileRef = AA14399B2A2FD5D700D8F604 /* LocalStorageFilesTests.swift */; };
		AA14399E2A2FD61000D8F604 /* LocalStorageFiles.swift in Sources */ = {isa = PBXBuildFile; fileRef = AA14399D2A2FD61000D8F604 /* LocalStorageFiles.swift */; };
		AA1439A02A2FDDA100D8F604 /* CurrenciesServiceCached.swift in Sources */ = {isa = PBXBuildFile; fileRef = AA14399F2A2FDDA100D8F604 /* CurrenciesServiceCached.swift */; };
		AA1439A22A2FDE7E00D8F604 /* CurrenciesServiceCachedTests.swift in Sources */ = {isa = PBXBuildFile; fileRef = AA1439A12A2FDE7E00D8F604 /* CurrenciesServiceCachedTests.swift */; };
		AA40341F2A2F30FF00F4E5DD /* CurrencySelectionViewControllerViewModel.swift in Sources */ = {isa = PBXBuildFile; fileRef = AA40341E2A2F30FF00F4E5DD /* CurrencySelectionViewControllerViewModel.swift */; };
		AA4034222A2F359C00F4E5DD /* CurrencySelectionItemViewModel.swift in Sources */ = {isa = PBXBuildFile; fileRef = AA4034212A2F359C00F4E5DD /* CurrencySelectionItemViewModel.swift */; };
		AA4034262A2F361500F4E5DD /* CurrencySelectionItemViewModelTests.swift in Sources */ = {isa = PBXBuildFile; fileRef = AA4034252A2F361500F4E5DD /* CurrencySelectionItemViewModelTests.swift */; };
		AA4034282A2F389400F4E5DD /* CurrencySelectionViewControllerViewModelTests.swift in Sources */ = {isa = PBXBuildFile; fileRef = AA4034272A2F389400F4E5DD /* CurrencySelectionViewControllerViewModelTests.swift */; };
		AA40342C2A2F3F9100F4E5DD /* CurrencySelectionViewControllerViewModelImpl.swift in Sources */ = {isa = PBXBuildFile; fileRef = AA40342B2A2F3F9100F4E5DD /* CurrencySelectionViewControllerViewModelImpl.swift */; };
		AA4034302A2F626000F4E5DD /* CurrencySelectionItemCell.swift in Sources */ = {isa = PBXBuildFile; fileRef = AA40342F2A2F626000F4E5DD /* CurrencySelectionItemCell.swift */; };
		AA4034322A2F65FD00F4E5DD /* CurrencySelectionItemCell+Styles.swift in Sources */ = {isa = PBXBuildFile; fileRef = AA4034312A2F65FD00F4E5DD /* CurrencySelectionItemCell+Styles.swift */; };
		AA4034342A2F660600F4E5DD /* CurrencySelectionItemCell+Layout.swift in Sources */ = {isa = PBXBuildFile; fileRef = AA4034332A2F660500F4E5DD /* CurrencySelectionItemCell+Layout.swift */; };
		AA4034362A2F6BC700F4E5DD /* CurrencySelectionViewController+Styles.swift in Sources */ = {isa = PBXBuildFile; fileRef = AA4034352A2F6BC700F4E5DD /* CurrencySelectionViewController+Styles.swift */; };
		AA4034382A2F6BCF00F4E5DD /* CurrencySelectionViewController+Layout.swift in Sources */ = {isa = PBXBuildFile; fileRef = AA4034372A2F6BCF00F4E5DD /* CurrencySelectionViewController+Layout.swift */; };
		AA4A067F2A2C54D700E215BD /* HTTPClientTests.swift in Sources */ = {isa = PBXBuildFile; fileRef = AA4A067E2A2C54D700E215BD /* HTTPClientTests.swift */; };
		AA4A06842A2C5CB300E215BD /* HTTPClientTask.swift in Sources */ = {isa = PBXBuildFile; fileRef = AA4A06832A2C5CB300E215BD /* HTTPClientTask.swift */; };
		AA4A06862A2C5CC600E215BD /* HTTPClient.swift in Sources */ = {isa = PBXBuildFile; fileRef = AA4A06852A2C5CC600E215BD /* HTTPClient.swift */; };
		AA4A06882A2C5CED00E215BD /* HTTPClientImpl.swift in Sources */ = {isa = PBXBuildFile; fileRef = AA4A06872A2C5CED00E215BD /* HTTPClientImpl.swift */; };
		AA4A06DC2A2CF92800E215BD /* HTTPClientTaskImpl.swift in Sources */ = {isa = PBXBuildFile; fileRef = AA4A06DB2A2CF92800E215BD /* HTTPClientTaskImpl.swift */; };
		AA4A06DE2A2D183A00E215BD /* HTTPClientTaskTests.swift in Sources */ = {isa = PBXBuildFile; fileRef = AA4A06DD2A2D183A00E215BD /* HTTPClientTaskTests.swift */; };
		AA4A06E12A2D1EFC00E215BD /* URLProtocolStub.swift in Sources */ = {isa = PBXBuildFile; fileRef = AA4A06E02A2D1EFC00E215BD /* URLProtocolStub.swift */; };
		AA4A06E52A2D269700E215BD /* CurrenciesEndpointTests.swift in Sources */ = {isa = PBXBuildFile; fileRef = AA4A06E42A2D269700E215BD /* CurrenciesEndpointTests.swift */; };
		AA4A06E82A2D285D00E215BD /* CurrenciesEndpoint.swift in Sources */ = {isa = PBXBuildFile; fileRef = AA4A06E72A2D285D00E215BD /* CurrenciesEndpoint.swift */; };
		AA4A06EC2A2D2A4800E215BD /* CurrenciesEndpointDataMapper.swift in Sources */ = {isa = PBXBuildFile; fileRef = AA4A06EB2A2D2A4800E215BD /* CurrenciesEndpointDataMapper.swift */; };
		AA4A06F02A2D2C0300E215BD /* CurrenciesEndpointDataMapperTests.swift in Sources */ = {isa = PBXBuildFile; fileRef = AA4A06EF2A2D2C0300E215BD /* CurrenciesEndpointDataMapperTests.swift */; };
		AA4A06F32A2D2D2B00E215BD /* CurrenciesEndpointDataMapperImpl.swift in Sources */ = {isa = PBXBuildFile; fileRef = AA4A06F22A2D2D2B00E215BD /* CurrenciesEndpointDataMapperImpl.swift */; };
		AA4A06F52A2D315600E215BD /* CurrenciesService.swift in Sources */ = {isa = PBXBuildFile; fileRef = AA4A06F42A2D315600E215BD /* CurrenciesService.swift */; };
		AA4A06F72A2D31F100E215BD /* CurrenciesServiceImpl.swift in Sources */ = {isa = PBXBuildFile; fileRef = AA4A06F62A2D31F100E215BD /* CurrenciesServiceImpl.swift */; };
		AA4A06F92A2D321E00E215BD /* CurrenciesServiceTests.swift in Sources */ = {isa = PBXBuildFile; fileRef = AA4A06F82A2D321E00E215BD /* CurrenciesServiceTests.swift */; };
		AA5D83972A2EFB02002EB67B /* HTTPClientTaskMock.swift in Sources */ = {isa = PBXBuildFile; fileRef = AA5D83962A2EFB02002EB67B /* HTTPClientTaskMock.swift */; };
		AA5D83992A2EFB0D002EB67B /* HTTPClientMock.swift in Sources */ = {isa = PBXBuildFile; fileRef = AA5D83982A2EFB0D002EB67B /* HTTPClientMock.swift */; };
		AA5D839B2A2EFB17002EB67B /* CurrenciesEndpointDataMapperMock.swift in Sources */ = {isa = PBXBuildFile; fileRef = AA5D839A2A2EFB17002EB67B /* CurrenciesEndpointDataMapperMock.swift */; };
		AA5D83A02A2EFCBA002EB67B /* GetCurrenciesUseCase.swift in Sources */ = {isa = PBXBuildFile; fileRef = AA5D839F2A2EFCBA002EB67B /* GetCurrenciesUseCase.swift */; };
		AA5D83A32A2EFCDB002EB67B /* Currency.swift in Sources */ = {isa = PBXBuildFile; fileRef = AA5D83A22A2EFCDB002EB67B /* Currency.swift */; };
		AA5D83A52A2EFD72002EB67B /* GetCurrenciesUseCaseImpl.swift in Sources */ = {isa = PBXBuildFile; fileRef = AA5D83A42A2EFD72002EB67B /* GetCurrenciesUseCaseImpl.swift */; };
		AA5D83A82A2EFDF6002EB67B /* GetCurrenciesUseCaseImplTests.swift in Sources */ = {isa = PBXBuildFile; fileRef = AA5D83A72A2EFDF6002EB67B /* GetCurrenciesUseCaseImplTests.swift */; };
		AA5D83AB2A2F0560002EB67B /* ListSortedCurrenciesUseCase.swift in Sources */ = {isa = PBXBuildFile; fileRef = AA5D83AA2A2F0560002EB67B /* ListSortedCurrenciesUseCase.swift */; };
		AA5D83AD2A2F06F3002EB67B /* ListSortedCurrenciesUseCaseImpl.swift in Sources */ = {isa = PBXBuildFile; fileRef = AA5D83AC2A2F06F3002EB67B /* ListSortedCurrenciesUseCaseImpl.swift */; };
		AA5D83AF2A2F07F9002EB67B /* ListSortedCurrenciesUseCaseImplTests.swift in Sources */ = {isa = PBXBuildFile; fileRef = AA5D83AE2A2F07F9002EB67B /* ListSortedCurrenciesUseCaseImplTests.swift */; };
		AAA5F9632A3129470062AD3F /* DateProvider.swift in Sources */ = {isa = PBXBuildFile; fileRef = AAA5F9622A3129470062AD3F /* DateProvider.swift */; };
		AAA5F9662A313A330062AD3F /* LatestRatesEndpoint.swift in Sources */ = {isa = PBXBuildFile; fileRef = AAA5F9652A313A330062AD3F /* LatestRatesEndpoint.swift */; };
		AAA5F9692A313AD40062AD3F /* LatestRatesEndpointTests.swift in Sources */ = {isa = PBXBuildFile; fileRef = AAA5F9682A313AD40062AD3F /* LatestRatesEndpointTests.swift */; };
		AAA5F96B2A313B980062AD3F /* LatestRatesEndpointDataMapper.swift in Sources */ = {isa = PBXBuildFile; fileRef = AAA5F96A2A313B980062AD3F /* LatestRatesEndpointDataMapper.swift */; };
		AAA5F96E2A313BF90062AD3F /* LatestRatesEndpointDataMapperImplTests.swift in Sources */ = {isa = PBXBuildFile; fileRef = AAA5F96D2A313BF90062AD3F /* LatestRatesEndpointDataMapperImplTests.swift */; };
		AAA5F9702A313CE70062AD3F /* LatestRatesEndpointDataMapperImpl.swift in Sources */ = {isa = PBXBuildFile; fileRef = AAA5F96F2A313CE70062AD3F /* LatestRatesEndpointDataMapperImpl.swift */; };
		AAA5F9732A313DDF0062AD3F /* LatestRatesService.swift in Sources */ = {isa = PBXBuildFile; fileRef = AAA5F9722A313DDF0062AD3F /* LatestRatesService.swift */; };
		AAA5F9752A313E0D0062AD3F /* LatestRatesServiceImpl.swift in Sources */ = {isa = PBXBuildFile; fileRef = AAA5F9742A313E0D0062AD3F /* LatestRatesServiceImpl.swift */; };
		AAA5F9772A313E610062AD3F /* LatestRatesServiceImplTests.swift in Sources */ = {isa = PBXBuildFile; fileRef = AAA5F9762A313E610062AD3F /* LatestRatesServiceImplTests.swift */; };
		AAA5F9792A313EC80062AD3F /* LatestRatesEndpointDataMapperMock.swift in Sources */ = {isa = PBXBuildFile; fileRef = AAA5F9782A313EC80062AD3F /* LatestRatesEndpointDataMapperMock.swift */; };
		AAA5F9802A3140A60062AD3F /* CurrencyConverterService.swift in Sources */ = {isa = PBXBuildFile; fileRef = AAA5F97F2A3140A60062AD3F /* CurrencyConverterService.swift */; };
		AAA5F9822A3141120062AD3F /* CurrencyConverterServiceImpl.swift in Sources */ = {isa = PBXBuildFile; fileRef = AAA5F9812A3141120062AD3F /* CurrencyConverterServiceImpl.swift */; };
		AAA5F9842A3141770062AD3F /* CurrencyConverterServiceImplTests.swift in Sources */ = {isa = PBXBuildFile; fileRef = AAA5F9832A3141770062AD3F /* CurrencyConverterServiceImplTests.swift */; };
		AAA5F9892A314F9A0062AD3F /* CurrencyConverterViewControllerViewModel.swift in Sources */ = {isa = PBXBuildFile; fileRef = AAA5F9882A314F9A0062AD3F /* CurrencyConverterViewControllerViewModel.swift */; };
		AAA5F98B2A3150FC0062AD3F /* CurrencyConverterViewControllerViewModelImpl.swift in Sources */ = {isa = PBXBuildFile; fileRef = AAA5F98A2A3150FC0062AD3F /* CurrencyConverterViewControllerViewModelImpl.swift */; };
		AAA5F98F2A3152190062AD3F /* CurrencyConverterViewControllerViewModelImplTests.swift in Sources */ = {isa = PBXBuildFile; fileRef = AAA5F98E2A3152190062AD3F /* CurrencyConverterViewControllerViewModelImplTests.swift */; };
		AAA5F9922A3153BF0062AD3F /* ConvertCurrencyUseCase.swift in Sources */ = {isa = PBXBuildFile; fileRef = AAA5F9912A3153BF0062AD3F /* ConvertCurrencyUseCase.swift */; };
		AAA5F9942A3153C60062AD3F /* ConvertCurrencyUseCaseImpl.swift in Sources */ = {isa = PBXBuildFile; fileRef = AAA5F9932A3153C60062AD3F /* ConvertCurrencyUseCaseImpl.swift */; };
		AAC875952A2BD16800317B74 /* AppDelegate.swift in Sources */ = {isa = PBXBuildFile; fileRef = AAC875942A2BD16800317B74 /* AppDelegate.swift */; };
		AAC875972A2BD16800317B74 /* SceneDelegate.swift in Sources */ = {isa = PBXBuildFile; fileRef = AAC875962A2BD16800317B74 /* SceneDelegate.swift */; };
		AAC875992A2BD16800317B74 /* CurrencySelectionViewController.swift in Sources */ = {isa = PBXBuildFile; fileRef = AAC875982A2BD16800317B74 /* CurrencySelectionViewController.swift */; };
		AAC8759C2A2BD16800317B74 /* Main.storyboard in Resources */ = {isa = PBXBuildFile; fileRef = AAC8759A2A2BD16800317B74 /* Main.storyboard */; };
		AAC8759E2A2BD16900317B74 /* Assets.xcassets in Resources */ = {isa = PBXBuildFile; fileRef = AAC8759D2A2BD16900317B74 /* Assets.xcassets */; };
		AAC875A12A2BD16900317B74 /* LaunchScreen.storyboard in Resources */ = {isa = PBXBuildFile; fileRef = AAC8759F2A2BD16900317B74 /* LaunchScreen.storyboard */; };
		AAC875AC2A2BD16A00317B74 /* CurrencyConverterTests.swift in Sources */ = {isa = PBXBuildFile; fileRef = AAC875AB2A2BD16A00317B74 /* CurrencyConverterTests.swift */; };
		AAC875B62A2BD16A00317B74 /* CurrencyConverterUITests.swift in Sources */ = {isa = PBXBuildFile; fileRef = AAC875B52A2BD16A00317B74 /* CurrencyConverterUITests.swift */; };
		AAC875B82A2BD16A00317B74 /* CurrencyConverterUITestsLaunchTests.swift in Sources */ = {isa = PBXBuildFile; fileRef = AAC875B72A2BD16A00317B74 /* CurrencyConverterUITestsLaunchTests.swift */; };
/* End PBXBuildFile section */

/* Begin PBXContainerItemProxy section */
		AAC875A82A2BD16A00317B74 /* PBXContainerItemProxy */ = {
			isa = PBXContainerItemProxy;
			containerPortal = AAC875892A2BD16800317B74 /* Project object */;
			proxyType = 1;
			remoteGlobalIDString = AAC875902A2BD16800317B74;
			remoteInfo = CurrencyConverter;
		};
		AAC875B22A2BD16A00317B74 /* PBXContainerItemProxy */ = {
			isa = PBXContainerItemProxy;
			containerPortal = AAC875892A2BD16800317B74 /* Project object */;
			proxyType = 1;
			remoteGlobalIDString = AAC875902A2BD16800317B74;
			remoteInfo = CurrencyConverter;
		};
/* End PBXContainerItemProxy section */

/* Begin PBXFileReference section */
		AA0E596C2A31B10A00C5D082 /* CurrencyConverterViewControllerItemViewModel.swift */ = {isa = PBXFileReference; lastKnownFileType = sourcecode.swift; path = CurrencyConverterViewControllerItemViewModel.swift; sourceTree = "<group>"; };
		AA0E596E2A31BCF800C5D082 /* CurrencyConverterViewController.swift */ = {isa = PBXFileReference; lastKnownFileType = sourcecode.swift; path = CurrencyConverterViewController.swift; sourceTree = "<group>"; };
		AA0E59702A31BD0B00C5D082 /* CurrencyConverterViewController+Layout.swift */ = {isa = PBXFileReference; lastKnownFileType = sourcecode.swift; path = "CurrencyConverterViewController+Layout.swift"; sourceTree = "<group>"; };
		AA0E59722A31BD1200C5D082 /* CurrencyConverterViewController+Styles.swift */ = {isa = PBXFileReference; lastKnownFileType = sourcecode.swift; path = "CurrencyConverterViewController+Styles.swift"; sourceTree = "<group>"; };
		AA0E59742A31C11900C5D082 /* CurrencyConverterViewControllerItemCell.swift */ = {isa = PBXFileReference; lastKnownFileType = sourcecode.swift; path = CurrencyConverterViewControllerItemCell.swift; sourceTree = "<group>"; };
		AA0E59762A31C14400C5D082 /* CurrencyConverterViewControllerItemCell+Styles.swift */ = {isa = PBXFileReference; lastKnownFileType = sourcecode.swift; path = "CurrencyConverterViewControllerItemCell+Styles.swift"; sourceTree = "<group>"; };
		AA0E59782A31C14C00C5D082 /* CurrencyConverterViewControllerItemCell+Layout.swift */ = {isa = PBXFileReference; lastKnownFileType = sourcecode.swift; path = "CurrencyConverterViewControllerItemCell+Layout.swift"; sourceTree = "<group>"; };
		AA0E597C2A31C72F00C5D082 /* TextFieldWithInsets.swift */ = {isa = PBXFileReference; lastKnownFileType = sourcecode.swift; path = TextFieldWithInsets.swift; sourceTree = "<group>"; };
		AA0E597E2A31D1E400C5D082 /* LatestRatesServiceCachedTests.swift */ = {isa = PBXFileReference; lastKnownFileType = sourcecode.swift; path = LatestRatesServiceCachedTests.swift; sourceTree = "<group>"; };
		AA0E59802A31D37900C5D082 /* LatestRatesServiceCached.swift */ = {isa = PBXFileReference; lastKnownFileType = sourcecode.swift; path = LatestRatesServiceCached.swift; sourceTree = "<group>"; };
		AA0E59822A31D4DB00C5D082 /* DateProviderImpl.swift */ = {isa = PBXFileReference; lastKnownFileType = sourcecode.swift; path = DateProviderImpl.swift; sourceTree = "<group>"; };
		AA0E59872A32051700C5D082 /* SelectCurrencyFlowModel.swift */ = {isa = PBXFileReference; lastKnownFileType = sourcecode.swift; path = SelectCurrencyFlowModel.swift; sourceTree = "<group>"; };
		AA0E59892A32072700C5D082 /* SelectCurrencyFlowModelFactory.swift */ = {isa = PBXFileReference; lastKnownFileType = sourcecode.swift; path = SelectCurrencyFlowModelFactory.swift; sourceTree = "<group>"; };
		AA0E598B2A32077600C5D082 /* SelectCurrencyFlowModelImpl.swift */ = {isa = PBXFileReference; lastKnownFileType = sourcecode.swift; path = SelectCurrencyFlowModelImpl.swift; sourceTree = "<group>"; };
		AA0E598F2A32082400C5D082 /* SelectCurrencyFlowModelImplTests.swift */ = {isa = PBXFileReference; lastKnownFileType = sourcecode.swift; path = SelectCurrencyFlowModelImplTests.swift; sourceTree = "<group>"; };
		AA0E59912A32089D00C5D082 /* CurrencySelectionViewControllerViewModelFactory.swift */ = {isa = PBXFileReference; lastKnownFileType = sourcecode.swift; path = CurrencySelectionViewControllerViewModelFactory.swift; sourceTree = "<group>"; };
		AA0E59932A3208E300C5D082 /* CurrencySelectionViewControllerViewModelImplFactory.swift */ = {isa = PBXFileReference; lastKnownFileType = sourcecode.swift; path = CurrencySelectionViewControllerViewModelImplFactory.swift; sourceTree = "<group>"; };
		AA0E59962A32154600C5D082 /* SelectCurrencyFlowPresenter.swift */ = {isa = PBXFileReference; lastKnownFileType = sourcecode.swift; path = SelectCurrencyFlowPresenter.swift; sourceTree = "<group>"; };
		AA0E59982A3215DA00C5D082 /* SelectCurrencyFlowPresenterFactory.swift */ = {isa = PBXFileReference; lastKnownFileType = sourcecode.swift; path = SelectCurrencyFlowPresenterFactory.swift; sourceTree = "<group>"; };
		AA0E599A2A3216B100C5D082 /* SelectCurrencyFlowPresenterImpl.swift */ = {isa = PBXFileReference; lastKnownFileType = sourcecode.swift; path = SelectCurrencyFlowPresenterImpl.swift; sourceTree = "<group>"; };
		AA0E599E2A32193F00C5D082 /* MainFlowModel.swift */ = {isa = PBXFileReference; lastKnownFileType = sourcecode.swift; path = MainFlowModel.swift; sourceTree = "<group>"; };
		AA0E59A02A3219BB00C5D082 /* MainFlowModelImpl.swift */ = {isa = PBXFileReference; lastKnownFileType = sourcecode.swift; path = MainFlowModelImpl.swift; sourceTree = "<group>"; };
		AA0E59A22A321B0900C5D082 /* CurrencyConverterViewControllerViewModelFactory.swift */ = {isa = PBXFileReference; lastKnownFileType = sourcecode.swift; path = CurrencyConverterViewControllerViewModelFactory.swift; sourceTree = "<group>"; };
		AA0E59A42A321B3A00C5D082 /* CurrencyConverterViewControllerViewModelImplFactory.swift */ = {isa = PBXFileReference; lastKnownFileType = sourcecode.swift; path = CurrencyConverterViewControllerViewModelImplFactory.swift; sourceTree = "<group>"; };
		AA0E59A62A321D7D00C5D082 /* MainFlowModelImplTests.swift */ = {isa = PBXFileReference; lastKnownFileType = sourcecode.swift; path = MainFlowModelImplTests.swift; sourceTree = "<group>"; };
		AA1439832A2FC58E00D8F604 /* CurrenciesEmojies.swift */ = {isa = PBXFileReference; fileEncoding = 4; lastKnownFileType = sourcecode.swift; path = CurrenciesEmojies.swift; sourceTree = "<group>"; };
		AA1439872A2FCCBB00D8F604 /* BinaryLocalStorage.swift */ = {isa = PBXFileReference; lastKnownFileType = sourcecode.swift; path = BinaryLocalStorage.swift; sourceTree = "<group>"; };
		AA14398A2A2FCCDC00D8F604 /* BinaryLocalStorageImpl.swift */ = {isa = PBXFileReference; lastKnownFileType = sourcecode.swift; path = BinaryLocalStorageImpl.swift; sourceTree = "<group>"; };
		AA14398E2A2FCD6600D8F604 /* BinaryLocalStorageImplTests.swift */ = {isa = PBXFileReference; lastKnownFileType = sourcecode.swift; path = BinaryLocalStorageImplTests.swift; sourceTree = "<group>"; };
		AA1439912A2FD3BD00D8F604 /* LocalStorage.swift */ = {isa = PBXFileReference; lastKnownFileType = sourcecode.swift; path = LocalStorage.swift; sourceTree = "<group>"; };
		AA1439942A2FD41600D8F604 /* DataCoderJSONTests.swift */ = {isa = PBXFileReference; lastKnownFileType = sourcecode.swift; path = DataCoderJSONTests.swift; sourceTree = "<group>"; };
		AA1439972A2FD48900D8F604 /* DataCoder.swift */ = {isa = PBXFileReference; lastKnownFileType = sourcecode.swift; path = DataCoder.swift; sourceTree = "<group>"; };
		AA1439992A2FD48E00D8F604 /* DataCoderJSON.swift */ = {isa = PBXFileReference; lastKnownFileType = sourcecode.swift; path = DataCoderJSON.swift; sourceTree = "<group>"; };
		AA14399B2A2FD5D700D8F604 /* LocalStorageFilesTests.swift */ = {isa = PBXFileReference; lastKnownFileType = sourcecode.swift; path = LocalStorageFilesTests.swift; sourceTree = "<group>"; };
		AA14399D2A2FD61000D8F604 /* LocalStorageFiles.swift */ = {isa = PBXFileReference; lastKnownFileType = sourcecode.swift; path = LocalStorageFiles.swift; sourceTree = "<group>"; };
		AA14399F2A2FDDA100D8F604 /* CurrenciesServiceCached.swift */ = {isa = PBXFileReference; lastKnownFileType = sourcecode.swift; path = CurrenciesServiceCached.swift; sourceTree = "<group>"; };
		AA1439A12A2FDE7E00D8F604 /* CurrenciesServiceCachedTests.swift */ = {isa = PBXFileReference; lastKnownFileType = sourcecode.swift; path = CurrenciesServiceCachedTests.swift; sourceTree = "<group>"; };
		AA40341E2A2F30FF00F4E5DD /* CurrencySelectionViewControllerViewModel.swift */ = {isa = PBXFileReference; lastKnownFileType = sourcecode.swift; path = CurrencySelectionViewControllerViewModel.swift; sourceTree = "<group>"; };
		AA4034212A2F359C00F4E5DD /* CurrencySelectionItemViewModel.swift */ = {isa = PBXFileReference; lastKnownFileType = sourcecode.swift; path = CurrencySelectionItemViewModel.swift; sourceTree = "<group>"; };
		AA4034252A2F361500F4E5DD /* CurrencySelectionItemViewModelTests.swift */ = {isa = PBXFileReference; lastKnownFileType = sourcecode.swift; path = CurrencySelectionItemViewModelTests.swift; sourceTree = "<group>"; };
		AA4034272A2F389400F4E5DD /* CurrencySelectionViewControllerViewModelTests.swift */ = {isa = PBXFileReference; lastKnownFileType = sourcecode.swift; path = CurrencySelectionViewControllerViewModelTests.swift; sourceTree = "<group>"; };
		AA40342B2A2F3F9100F4E5DD /* CurrencySelectionViewControllerViewModelImpl.swift */ = {isa = PBXFileReference; lastKnownFileType = sourcecode.swift; path = CurrencySelectionViewControllerViewModelImpl.swift; sourceTree = "<group>"; };
		AA40342F2A2F626000F4E5DD /* CurrencySelectionItemCell.swift */ = {isa = PBXFileReference; lastKnownFileType = sourcecode.swift; path = CurrencySelectionItemCell.swift; sourceTree = "<group>"; };
		AA4034312A2F65FD00F4E5DD /* CurrencySelectionItemCell+Styles.swift */ = {isa = PBXFileReference; lastKnownFileType = sourcecode.swift; path = "CurrencySelectionItemCell+Styles.swift"; sourceTree = "<group>"; };
		AA4034332A2F660500F4E5DD /* CurrencySelectionItemCell+Layout.swift */ = {isa = PBXFileReference; lastKnownFileType = sourcecode.swift; path = "CurrencySelectionItemCell+Layout.swift"; sourceTree = "<group>"; };
		AA4034352A2F6BC700F4E5DD /* CurrencySelectionViewController+Styles.swift */ = {isa = PBXFileReference; lastKnownFileType = sourcecode.swift; path = "CurrencySelectionViewController+Styles.swift"; sourceTree = "<group>"; };
		AA4034372A2F6BCF00F4E5DD /* CurrencySelectionViewController+Layout.swift */ = {isa = PBXFileReference; lastKnownFileType = sourcecode.swift; path = "CurrencySelectionViewController+Layout.swift"; sourceTree = "<group>"; };
		AA4A067E2A2C54D700E215BD /* HTTPClientTests.swift */ = {isa = PBXFileReference; lastKnownFileType = sourcecode.swift; path = HTTPClientTests.swift; sourceTree = "<group>"; };
		AA4A06832A2C5CB300E215BD /* HTTPClientTask.swift */ = {isa = PBXFileReference; lastKnownFileType = sourcecode.swift; path = HTTPClientTask.swift; sourceTree = "<group>"; };
		AA4A06852A2C5CC600E215BD /* HTTPClient.swift */ = {isa = PBXFileReference; lastKnownFileType = sourcecode.swift; path = HTTPClient.swift; sourceTree = "<group>"; };
		AA4A06872A2C5CED00E215BD /* HTTPClientImpl.swift */ = {isa = PBXFileReference; lastKnownFileType = sourcecode.swift; path = HTTPClientImpl.swift; sourceTree = "<group>"; };
		AA4A06DB2A2CF92800E215BD /* HTTPClientTaskImpl.swift */ = {isa = PBXFileReference; lastKnownFileType = sourcecode.swift; path = HTTPClientTaskImpl.swift; sourceTree = "<group>"; };
		AA4A06DD2A2D183A00E215BD /* HTTPClientTaskTests.swift */ = {isa = PBXFileReference; lastKnownFileType = sourcecode.swift; path = HTTPClientTaskTests.swift; sourceTree = "<group>"; };
		AA4A06E02A2D1EFC00E215BD /* URLProtocolStub.swift */ = {isa = PBXFileReference; lastKnownFileType = sourcecode.swift; path = URLProtocolStub.swift; sourceTree = "<group>"; };
		AA4A06E42A2D269700E215BD /* CurrenciesEndpointTests.swift */ = {isa = PBXFileReference; lastKnownFileType = sourcecode.swift; path = CurrenciesEndpointTests.swift; sourceTree = "<group>"; };
		AA4A06E72A2D285D00E215BD /* CurrenciesEndpoint.swift */ = {isa = PBXFileReference; lastKnownFileType = sourcecode.swift; path = CurrenciesEndpoint.swift; sourceTree = "<group>"; };
		AA4A06EB2A2D2A4800E215BD /* CurrenciesEndpointDataMapper.swift */ = {isa = PBXFileReference; lastKnownFileType = sourcecode.swift; path = CurrenciesEndpointDataMapper.swift; sourceTree = "<group>"; };
		AA4A06EF2A2D2C0300E215BD /* CurrenciesEndpointDataMapperTests.swift */ = {isa = PBXFileReference; lastKnownFileType = sourcecode.swift; path = CurrenciesEndpointDataMapperTests.swift; sourceTree = "<group>"; };
		AA4A06F22A2D2D2B00E215BD /* CurrenciesEndpointDataMapperImpl.swift */ = {isa = PBXFileReference; lastKnownFileType = sourcecode.swift; path = CurrenciesEndpointDataMapperImpl.swift; sourceTree = "<group>"; };
		AA4A06F42A2D315600E215BD /* CurrenciesService.swift */ = {isa = PBXFileReference; lastKnownFileType = sourcecode.swift; path = CurrenciesService.swift; sourceTree = "<group>"; };
		AA4A06F62A2D31F100E215BD /* CurrenciesServiceImpl.swift */ = {isa = PBXFileReference; lastKnownFileType = sourcecode.swift; path = CurrenciesServiceImpl.swift; sourceTree = "<group>"; };
		AA4A06F82A2D321E00E215BD /* CurrenciesServiceTests.swift */ = {isa = PBXFileReference; lastKnownFileType = sourcecode.swift; path = CurrenciesServiceTests.swift; sourceTree = "<group>"; };
		AA5D83962A2EFB02002EB67B /* HTTPClientTaskMock.swift */ = {isa = PBXFileReference; lastKnownFileType = sourcecode.swift; path = HTTPClientTaskMock.swift; sourceTree = "<group>"; };
		AA5D83982A2EFB0D002EB67B /* HTTPClientMock.swift */ = {isa = PBXFileReference; lastKnownFileType = sourcecode.swift; path = HTTPClientMock.swift; sourceTree = "<group>"; };
		AA5D839A2A2EFB17002EB67B /* CurrenciesEndpointDataMapperMock.swift */ = {isa = PBXFileReference; lastKnownFileType = sourcecode.swift; path = CurrenciesEndpointDataMapperMock.swift; sourceTree = "<group>"; };
		AA5D839F2A2EFCBA002EB67B /* GetCurrenciesUseCase.swift */ = {isa = PBXFileReference; lastKnownFileType = sourcecode.swift; path = GetCurrenciesUseCase.swift; sourceTree = "<group>"; };
		AA5D83A22A2EFCDB002EB67B /* Currency.swift */ = {isa = PBXFileReference; lastKnownFileType = sourcecode.swift; path = Currency.swift; sourceTree = "<group>"; };
		AA5D83A42A2EFD72002EB67B /* GetCurrenciesUseCaseImpl.swift */ = {isa = PBXFileReference; lastKnownFileType = sourcecode.swift; path = GetCurrenciesUseCaseImpl.swift; sourceTree = "<group>"; };
		AA5D83A72A2EFDF6002EB67B /* GetCurrenciesUseCaseImplTests.swift */ = {isa = PBXFileReference; lastKnownFileType = sourcecode.swift; path = GetCurrenciesUseCaseImplTests.swift; sourceTree = "<group>"; };
		AA5D83AA2A2F0560002EB67B /* ListSortedCurrenciesUseCase.swift */ = {isa = PBXFileReference; lastKnownFileType = sourcecode.swift; path = ListSortedCurrenciesUseCase.swift; sourceTree = "<group>"; };
		AA5D83AC2A2F06F3002EB67B /* ListSortedCurrenciesUseCaseImpl.swift */ = {isa = PBXFileReference; lastKnownFileType = sourcecode.swift; path = ListSortedCurrenciesUseCaseImpl.swift; sourceTree = "<group>"; };
		AA5D83AE2A2F07F9002EB67B /* ListSortedCurrenciesUseCaseImplTests.swift */ = {isa = PBXFileReference; lastKnownFileType = sourcecode.swift; path = ListSortedCurrenciesUseCaseImplTests.swift; sourceTree = "<group>"; };
		AAA5F9622A3129470062AD3F /* DateProvider.swift */ = {isa = PBXFileReference; fileEncoding = 4; lastKnownFileType = sourcecode.swift; path = DateProvider.swift; sourceTree = "<group>"; };
		AAA5F9652A313A330062AD3F /* LatestRatesEndpoint.swift */ = {isa = PBXFileReference; lastKnownFileType = sourcecode.swift; path = LatestRatesEndpoint.swift; sourceTree = "<group>"; };
		AAA5F9682A313AD40062AD3F /* LatestRatesEndpointTests.swift */ = {isa = PBXFileReference; lastKnownFileType = sourcecode.swift; path = LatestRatesEndpointTests.swift; sourceTree = "<group>"; };
		AAA5F96A2A313B980062AD3F /* LatestRatesEndpointDataMapper.swift */ = {isa = PBXFileReference; lastKnownFileType = sourcecode.swift; path = LatestRatesEndpointDataMapper.swift; sourceTree = "<group>"; };
		AAA5F96D2A313BF90062AD3F /* LatestRatesEndpointDataMapperImplTests.swift */ = {isa = PBXFileReference; lastKnownFileType = sourcecode.swift; path = LatestRatesEndpointDataMapperImplTests.swift; sourceTree = "<group>"; };
		AAA5F96F2A313CE70062AD3F /* LatestRatesEndpointDataMapperImpl.swift */ = {isa = PBXFileReference; lastKnownFileType = sourcecode.swift; path = LatestRatesEndpointDataMapperImpl.swift; sourceTree = "<group>"; };
		AAA5F9722A313DDF0062AD3F /* LatestRatesService.swift */ = {isa = PBXFileReference; lastKnownFileType = sourcecode.swift; path = LatestRatesService.swift; sourceTree = "<group>"; };
		AAA5F9742A313E0D0062AD3F /* LatestRatesServiceImpl.swift */ = {isa = PBXFileReference; lastKnownFileType = sourcecode.swift; path = LatestRatesServiceImpl.swift; sourceTree = "<group>"; };
		AAA5F9762A313E610062AD3F /* LatestRatesServiceImplTests.swift */ = {isa = PBXFileReference; lastKnownFileType = sourcecode.swift; path = LatestRatesServiceImplTests.swift; sourceTree = "<group>"; };
		AAA5F9782A313EC80062AD3F /* LatestRatesEndpointDataMapperMock.swift */ = {isa = PBXFileReference; lastKnownFileType = sourcecode.swift; path = LatestRatesEndpointDataMapperMock.swift; sourceTree = "<group>"; };
		AAA5F97F2A3140A60062AD3F /* CurrencyConverterService.swift */ = {isa = PBXFileReference; lastKnownFileType = sourcecode.swift; path = CurrencyConverterService.swift; sourceTree = "<group>"; };
		AAA5F9812A3141120062AD3F /* CurrencyConverterServiceImpl.swift */ = {isa = PBXFileReference; lastKnownFileType = sourcecode.swift; path = CurrencyConverterServiceImpl.swift; sourceTree = "<group>"; };
		AAA5F9832A3141770062AD3F /* CurrencyConverterServiceImplTests.swift */ = {isa = PBXFileReference; lastKnownFileType = sourcecode.swift; path = CurrencyConverterServiceImplTests.swift; sourceTree = "<group>"; };
		AAA5F9882A314F9A0062AD3F /* CurrencyConverterViewControllerViewModel.swift */ = {isa = PBXFileReference; lastKnownFileType = sourcecode.swift; path = CurrencyConverterViewControllerViewModel.swift; sourceTree = "<group>"; };
		AAA5F98A2A3150FC0062AD3F /* CurrencyConverterViewControllerViewModelImpl.swift */ = {isa = PBXFileReference; lastKnownFileType = sourcecode.swift; path = CurrencyConverterViewControllerViewModelImpl.swift; sourceTree = "<group>"; };
		AAA5F98E2A3152190062AD3F /* CurrencyConverterViewControllerViewModelImplTests.swift */ = {isa = PBXFileReference; lastKnownFileType = sourcecode.swift; path = CurrencyConverterViewControllerViewModelImplTests.swift; sourceTree = "<group>"; };
		AAA5F9912A3153BF0062AD3F /* ConvertCurrencyUseCase.swift */ = {isa = PBXFileReference; lastKnownFileType = sourcecode.swift; path = ConvertCurrencyUseCase.swift; sourceTree = "<group>"; };
		AAA5F9932A3153C60062AD3F /* ConvertCurrencyUseCaseImpl.swift */ = {isa = PBXFileReference; lastKnownFileType = sourcecode.swift; path = ConvertCurrencyUseCaseImpl.swift; sourceTree = "<group>"; };
		AAC875912A2BD16800317B74 /* CurrencyConverter.app */ = {isa = PBXFileReference; explicitFileType = wrapper.application; includeInIndex = 0; path = CurrencyConverter.app; sourceTree = BUILT_PRODUCTS_DIR; };
		AAC875942A2BD16800317B74 /* AppDelegate.swift */ = {isa = PBXFileReference; lastKnownFileType = sourcecode.swift; path = AppDelegate.swift; sourceTree = "<group>"; };
		AAC875962A2BD16800317B74 /* SceneDelegate.swift */ = {isa = PBXFileReference; lastKnownFileType = sourcecode.swift; path = SceneDelegate.swift; sourceTree = "<group>"; };
		AAC875982A2BD16800317B74 /* CurrencySelectionViewController.swift */ = {isa = PBXFileReference; lastKnownFileType = sourcecode.swift; path = CurrencySelectionViewController.swift; sourceTree = "<group>"; };
		AAC8759B2A2BD16800317B74 /* Base */ = {isa = PBXFileReference; lastKnownFileType = file.storyboard; name = Base; path = Base.lproj/Main.storyboard; sourceTree = "<group>"; };
		AAC8759D2A2BD16900317B74 /* Assets.xcassets */ = {isa = PBXFileReference; lastKnownFileType = folder.assetcatalog; path = Assets.xcassets; sourceTree = "<group>"; };
		AAC875A02A2BD16900317B74 /* Base */ = {isa = PBXFileReference; lastKnownFileType = file.storyboard; name = Base; path = Base.lproj/LaunchScreen.storyboard; sourceTree = "<group>"; };
		AAC875A22A2BD16900317B74 /* Info.plist */ = {isa = PBXFileReference; lastKnownFileType = text.plist.xml; path = Info.plist; sourceTree = "<group>"; };
		AAC875A72A2BD16A00317B74 /* CurrencyConverterTests.xctest */ = {isa = PBXFileReference; explicitFileType = wrapper.cfbundle; includeInIndex = 0; path = CurrencyConverterTests.xctest; sourceTree = BUILT_PRODUCTS_DIR; };
		AAC875AB2A2BD16A00317B74 /* CurrencyConverterTests.swift */ = {isa = PBXFileReference; lastKnownFileType = sourcecode.swift; path = CurrencyConverterTests.swift; sourceTree = "<group>"; };
		AAC875B12A2BD16A00317B74 /* CurrencyConverterUITests.xctest */ = {isa = PBXFileReference; explicitFileType = wrapper.cfbundle; includeInIndex = 0; path = CurrencyConverterUITests.xctest; sourceTree = BUILT_PRODUCTS_DIR; };
		AAC875B52A2BD16A00317B74 /* CurrencyConverterUITests.swift */ = {isa = PBXFileReference; lastKnownFileType = sourcecode.swift; path = CurrencyConverterUITests.swift; sourceTree = "<group>"; };
		AAC875B72A2BD16A00317B74 /* CurrencyConverterUITestsLaunchTests.swift */ = {isa = PBXFileReference; lastKnownFileType = sourcecode.swift; path = CurrencyConverterUITestsLaunchTests.swift; sourceTree = "<group>"; };
/* End PBXFileReference section */

/* Begin PBXFrameworksBuildPhase section */
		AAC8758E2A2BD16800317B74 /* Frameworks */ = {
			isa = PBXFrameworksBuildPhase;
			buildActionMask = 2147483647;
			files = (
			);
			runOnlyForDeploymentPostprocessing = 0;
		};
		AAC875A42A2BD16A00317B74 /* Frameworks */ = {
			isa = PBXFrameworksBuildPhase;
			buildActionMask = 2147483647;
			files = (
			);
			runOnlyForDeploymentPostprocessing = 0;
		};
		AAC875AE2A2BD16A00317B74 /* Frameworks */ = {
			isa = PBXFrameworksBuildPhase;
			buildActionMask = 2147483647;
			files = (
			);
			runOnlyForDeploymentPostprocessing = 0;
		};
/* End PBXFrameworksBuildPhase section */

/* Begin PBXGroup section */
		AA0E596A2A31B0F000C5D082 /* Item */ = {
			isa = PBXGroup;
			children = (
				AA0E59742A31C11900C5D082 /* CurrencyConverterViewControllerItemCell.swift */,
				AA0E59782A31C14C00C5D082 /* CurrencyConverterViewControllerItemCell+Layout.swift */,
				AA0E59762A31C14400C5D082 /* CurrencyConverterViewControllerItemCell+Styles.swift */,
				AA0E596B2A31B0F600C5D082 /* ViewModel */,
			);
			path = Item;
			sourceTree = "<group>";
		};
		AA0E596B2A31B0F600C5D082 /* ViewModel */ = {
			isa = PBXGroup;
			children = (
				AA0E596C2A31B10A00C5D082 /* CurrencyConverterViewControllerItemViewModel.swift */,
			);
			path = ViewModel;
			sourceTree = "<group>";
		};
		AA0E597A2A31C71000C5D082 /* CommonComponents */ = {
			isa = PBXGroup;
			children = (
				AA0E597B2A31C71A00C5D082 /* TextFieldWIthInsets */,
			);
			path = CommonComponents;
			sourceTree = "<group>";
		};
		AA0E597B2A31C71A00C5D082 /* TextFieldWIthInsets */ = {
			isa = PBXGroup;
			children = (
				AA0E597C2A31C72F00C5D082 /* TextFieldWithInsets.swift */,
			);
			path = TextFieldWIthInsets;
			sourceTree = "<group>";
		};
		AA0E59842A3204E900C5D082 /* Flows */ = {
			isa = PBXGroup;
			children = (
				AA0E599C2A32191000C5D082 /* MainFlow */,
				AA0E59852A3204F100C5D082 /* SelectCurrencyFlow */,
			);
			path = Flows;
			sourceTree = "<group>";
		};
		AA0E59852A3204F100C5D082 /* SelectCurrencyFlow */ = {
			isa = PBXGroup;
			children = (
				AA0E59952A32153400C5D082 /* SelectCurrencyFlowPresenter */,
				AA0E59862A32050000C5D082 /* SelectCurrencyFlowModel */,
			);
			path = SelectCurrencyFlow;
			sourceTree = "<group>";
		};
		AA0E59862A32050000C5D082 /* SelectCurrencyFlowModel */ = {
			isa = PBXGroup;
			children = (
				AA0E59872A32051700C5D082 /* SelectCurrencyFlowModel.swift */,
				AA0E59892A32072700C5D082 /* SelectCurrencyFlowModelFactory.swift */,
				AA0E598B2A32077600C5D082 /* SelectCurrencyFlowModelImpl.swift */,
			);
			path = SelectCurrencyFlowModel;
			sourceTree = "<group>";
		};
		AA0E598D2A3207F000C5D082 /* Application */ = {
			isa = PBXGroup;
			children = (
				AA0E598E2A3207F700C5D082 /* Flows */,
			);
			path = Application;
			sourceTree = "<group>";
		};
		AA0E598E2A3207F700C5D082 /* Flows */ = {
			isa = PBXGroup;
			children = (
				AA0E598F2A32082400C5D082 /* SelectCurrencyFlowModelImplTests.swift */,
				AA0E59A62A321D7D00C5D082 /* MainFlowModelImplTests.swift */,
			);
			path = Flows;
			sourceTree = "<group>";
		};
		AA0E59952A32153400C5D082 /* SelectCurrencyFlowPresenter */ = {
			isa = PBXGroup;
			children = (
				AA0E59962A32154600C5D082 /* SelectCurrencyFlowPresenter.swift */,
				AA0E599A2A3216B100C5D082 /* SelectCurrencyFlowPresenterImpl.swift */,
				AA0E59982A3215DA00C5D082 /* SelectCurrencyFlowPresenterFactory.swift */,
			);
			path = SelectCurrencyFlowPresenter;
			sourceTree = "<group>";
		};
		AA0E599C2A32191000C5D082 /* MainFlow */ = {
			isa = PBXGroup;
			children = (
				AA0E599D2A32192C00C5D082 /* MainFlowModel */,
			);
			path = MainFlow;
			sourceTree = "<group>";
		};
		AA0E599D2A32192C00C5D082 /* MainFlowModel */ = {
			isa = PBXGroup;
			children = (
				AA0E599E2A32193F00C5D082 /* MainFlowModel.swift */,
				AA0E59A02A3219BB00C5D082 /* MainFlowModelImpl.swift */,
			);
			path = MainFlowModel;
			sourceTree = "<group>";
		};
		AA1439862A2FCCB300D8F604 /* Storage */ = {
			isa = PBXGroup;
			children = (
				AA1439902A2FD3A900D8F604 /* LocalStorage */,
				AA1439892A2FCCC300D8F604 /* BinaryLocalStorage */,
			);
			path = Storage;
			sourceTree = "<group>";
		};
		AA1439892A2FCCC300D8F604 /* BinaryLocalStorage */ = {
			isa = PBXGroup;
			children = (
				AA1439872A2FCCBB00D8F604 /* BinaryLocalStorage.swift */,
				AA14398A2A2FCCDC00D8F604 /* BinaryLocalStorageImpl.swift */,
			);
			path = BinaryLocalStorage;
			sourceTree = "<group>";
		};
		AA14398C2A2FCD5500D8F604 /* Storage */ = {
			isa = PBXGroup;
			children = (
				AA1439932A2FD3ED00D8F604 /* LocalStorage */,
				AA14398D2A2FCD5F00D8F604 /* BinaryLocalStorage */,
			);
			path = Storage;
			sourceTree = "<group>";
		};
		AA14398D2A2FCD5F00D8F604 /* BinaryLocalStorage */ = {
			isa = PBXGroup;
			children = (
				AA14398E2A2FCD6600D8F604 /* BinaryLocalStorageImplTests.swift */,
			);
			path = BinaryLocalStorage;
			sourceTree = "<group>";
		};
		AA1439902A2FD3A900D8F604 /* LocalStorage */ = {
			isa = PBXGroup;
			children = (
				AA1439962A2FD48100D8F604 /* DataCoder */,
				AA1439912A2FD3BD00D8F604 /* LocalStorage.swift */,
				AA14399D2A2FD61000D8F604 /* LocalStorageFiles.swift */,
			);
			path = LocalStorage;
			sourceTree = "<group>";
		};
		AA1439932A2FD3ED00D8F604 /* LocalStorage */ = {
			isa = PBXGroup;
			children = (
				AA1439942A2FD41600D8F604 /* DataCoderJSONTests.swift */,
				AA14399B2A2FD5D700D8F604 /* LocalStorageFilesTests.swift */,
			);
			path = LocalStorage;
			sourceTree = "<group>";
		};
		AA1439962A2FD48100D8F604 /* DataCoder */ = {
			isa = PBXGroup;
			children = (
				AA1439972A2FD48900D8F604 /* DataCoder.swift */,
				AA1439992A2FD48E00D8F604 /* DataCoderJSON.swift */,
			);
			path = DataCoder;
			sourceTree = "<group>";
		};
		AA40341B2A2F30AF00F4E5DD /* Pages */ = {
			isa = PBXGroup;
			children = (
				AAA5F9852A314F5D0062AD3F /* CurrencyConverterViewController */,
				AA40341C2A2F30D700F4E5DD /* CurrencySelectionViewController */,
			);
			path = Pages;
			sourceTree = "<group>";
		};
		AA40341C2A2F30D700F4E5DD /* CurrencySelectionViewController */ = {
			isa = PBXGroup;
			children = (
				AAC875982A2BD16800317B74 /* CurrencySelectionViewController.swift */,
				AA4034372A2F6BCF00F4E5DD /* CurrencySelectionViewController+Layout.swift */,
				AA4034352A2F6BC700F4E5DD /* CurrencySelectionViewController+Styles.swift */,
				AA40342D2A2F621D00F4E5DD /* Item */,
				AA40341D2A2F30E500F4E5DD /* ViewModel */,
			);
			path = CurrencySelectionViewController;
			sourceTree = "<group>";
		};
		AA40341D2A2F30E500F4E5DD /* ViewModel */ = {
			isa = PBXGroup;
			children = (
				AA40341E2A2F30FF00F4E5DD /* CurrencySelectionViewControllerViewModel.swift */,
				AA0E59912A32089D00C5D082 /* CurrencySelectionViewControllerViewModelFactory.swift */,
				AA40342B2A2F3F9100F4E5DD /* CurrencySelectionViewControllerViewModelImpl.swift */,
				AA0E59932A3208E300C5D082 /* CurrencySelectionViewControllerViewModelImplFactory.swift */,
			);
			path = ViewModel;
			sourceTree = "<group>";
		};
		AA4034232A2F35E500F4E5DD /* CurrencySelectionViewController */ = {
			isa = PBXGroup;
			children = (
				AA4034242A2F35FE00F4E5DD /* ViewModel */,
			);
			path = CurrencySelectionViewController;
			sourceTree = "<group>";
		};
		AA4034242A2F35FE00F4E5DD /* ViewModel */ = {
			isa = PBXGroup;
			children = (
				AA4034252A2F361500F4E5DD /* CurrencySelectionItemViewModelTests.swift */,
				AA4034272A2F389400F4E5DD /* CurrencySelectionViewControllerViewModelTests.swift */,
			);
			path = ViewModel;
			sourceTree = "<group>";
		};
		AA40342D2A2F621D00F4E5DD /* Item */ = {
			isa = PBXGroup;
			children = (
				AA4034212A2F359C00F4E5DD /* CurrencySelectionItemViewModel.swift */,
				AA40342F2A2F626000F4E5DD /* CurrencySelectionItemCell.swift */,
				AA4034312A2F65FD00F4E5DD /* CurrencySelectionItemCell+Styles.swift */,
				AA4034332A2F660500F4E5DD /* CurrencySelectionItemCell+Layout.swift */,
			);
			path = Item;
			sourceTree = "<group>";
		};
		AA4A067C2A2C54B400E215BD /* Utils */ = {
			isa = PBXGroup;
			children = (
				AA14398C2A2FCD5500D8F604 /* Storage */,
				AA4A067D2A2C54C300E215BD /* HttpClient */,
			);
			path = Utils;
			sourceTree = "<group>";
		};
		AA4A067D2A2C54C300E215BD /* HttpClient */ = {
			isa = PBXGroup;
			children = (
				AA4A06DF2A2D1EF400E215BD /* Helpers */,
				AA4A067E2A2C54D700E215BD /* HTTPClientTests.swift */,
				AA4A06DD2A2D183A00E215BD /* HTTPClientTaskTests.swift */,
			);
			path = HttpClient;
			sourceTree = "<group>";
		};
		AA4A06802A2C5C8700E215BD /* Utils */ = {
			isa = PBXGroup;
			children = (
				AAA5F95E2A311F630062AD3F /* DateProvider */,
				AA1439862A2FCCB300D8F604 /* Storage */,
				AA4A06812A2C5C8D00E215BD /* Network */,
			);
			path = Utils;
			sourceTree = "<group>";
		};
		AA4A06812A2C5C8D00E215BD /* Network */ = {
			isa = PBXGroup;
			children = (
				AA4A06822A2C5CAA00E215BD /* HTTPClient */,
			);
			path = Network;
			sourceTree = "<group>";
		};
		AA4A06822A2C5CAA00E215BD /* HTTPClient */ = {
			isa = PBXGroup;
			children = (
				AA4A06D92A2CEF2300E215BD /* HTTPClientTask */,
				AA4A06852A2C5CC600E215BD /* HTTPClient.swift */,
				AA4A06872A2C5CED00E215BD /* HTTPClientImpl.swift */,
			);
			path = HTTPClient;
			sourceTree = "<group>";
		};
		AA4A06D92A2CEF2300E215BD /* HTTPClientTask */ = {
			isa = PBXGroup;
			children = (
				AA4A06832A2C5CB300E215BD /* HTTPClientTask.swift */,
				AA4A06DB2A2CF92800E215BD /* HTTPClientTaskImpl.swift */,
			);
			path = HTTPClientTask;
			sourceTree = "<group>";
		};
		AA4A06DA2A2CF5B100E215BD /* API */ = {
			isa = PBXGroup;
			children = (
				AA4A06E62A2D284E00E215BD /* Endpoints */,
			);
			path = API;
			sourceTree = "<group>";
		};
		AA4A06DF2A2D1EF400E215BD /* Helpers */ = {
			isa = PBXGroup;
			children = (
				AA4A06E02A2D1EFC00E215BD /* URLProtocolStub.swift */,
			);
			path = Helpers;
			sourceTree = "<group>";
		};
		AA4A06E22A2D247E00E215BD /* API */ = {
			isa = PBXGroup;
			children = (
				AA4A06E32A2D248C00E215BD /* Endpoints */,
			);
			path = API;
			sourceTree = "<group>";
		};
		AA4A06E32A2D248C00E215BD /* Endpoints */ = {
			isa = PBXGroup;
			children = (
				AA4A06ED2A2D2BDE00E215BD /* Currencies */,
				AA5D83952A2EFAEF002EB67B /* Helpers */,
				AAA5F9672A313AB70062AD3F /* LatestRates */,
			);
			path = Endpoints;
			sourceTree = "<group>";
		};
		AA4A06E62A2D284E00E215BD /* Endpoints */ = {
			isa = PBXGroup;
			children = (
				AAA5F9642A313A110062AD3F /* LatestRates */,
				AA4A06EE2A2D2BE900E215BD /* Currencies */,
			);
			path = Endpoints;
			sourceTree = "<group>";
		};
		AA4A06E92A2D29BC00E215BD /* Models */ = {
			isa = PBXGroup;
			children = (
			);
			path = Models;
			sourceTree = "<group>";
		};
		AA4A06ED2A2D2BDE00E215BD /* Currencies */ = {
			isa = PBXGroup;
			children = (
				AA4A06E42A2D269700E215BD /* CurrenciesEndpointTests.swift */,
				AA4A06EF2A2D2C0300E215BD /* CurrenciesEndpointDataMapperTests.swift */,
				AA4A06F82A2D321E00E215BD /* CurrenciesServiceTests.swift */,
				AA1439A12A2FDE7E00D8F604 /* CurrenciesServiceCachedTests.swift */,
			);
			path = Currencies;
			sourceTree = "<group>";
		};
		AA4A06EE2A2D2BE900E215BD /* Currencies */ = {
			isa = PBXGroup;
			children = (
				AA4A06E72A2D285D00E215BD /* CurrenciesEndpoint.swift */,
				AA4A06F12A2D2D2200E215BD /* CurrenciesEndpointDataMapper */,
				AA4A06F42A2D315600E215BD /* CurrenciesService.swift */,
				AA4A06F62A2D31F100E215BD /* CurrenciesServiceImpl.swift */,
				AA14399F2A2FDDA100D8F604 /* CurrenciesServiceCached.swift */,
			);
			path = Currencies;
			sourceTree = "<group>";
		};
		AA4A06F12A2D2D2200E215BD /* CurrenciesEndpointDataMapper */ = {
			isa = PBXGroup;
			children = (
				AA4A06EB2A2D2A4800E215BD /* CurrenciesEndpointDataMapper.swift */,
				AA4A06F22A2D2D2B00E215BD /* CurrenciesEndpointDataMapperImpl.swift */,
			);
			path = CurrenciesEndpointDataMapper;
			sourceTree = "<group>";
		};
		AA5D83952A2EFAEF002EB67B /* Helpers */ = {
			isa = PBXGroup;
			children = (
				AA5D839A2A2EFB17002EB67B /* CurrenciesEndpointDataMapperMock.swift */,
				AAA5F9782A313EC80062AD3F /* LatestRatesEndpointDataMapperMock.swift */,
				AA5D83982A2EFB0D002EB67B /* HTTPClientMock.swift */,
				AA5D83962A2EFB02002EB67B /* HTTPClientTaskMock.swift */,
			);
			path = Helpers;
			sourceTree = "<group>";
		};
		AA5D839E2A2EFC80002EB67B /* GetCurrenciesUseCase */ = {
			isa = PBXGroup;
			children = (
				AA1439832A2FC58E00D8F604 /* CurrenciesEmojies.swift */,
				AA5D839F2A2EFCBA002EB67B /* GetCurrenciesUseCase.swift */,
				AA5D83A42A2EFD72002EB67B /* GetCurrenciesUseCaseImpl.swift */,
			);
			path = GetCurrenciesUseCase;
			sourceTree = "<group>";
		};
		AA5D83A12A2EFCCF002EB67B /* Model */ = {
			isa = PBXGroup;
			children = (
				AA5D83A22A2EFCDB002EB67B /* Currency.swift */,
			);
			path = Model;
			sourceTree = "<group>";
		};
		AA5D83A62A2EFDE3002EB67B /* UseCases */ = {
			isa = PBXGroup;
			children = (
				AA5D83A72A2EFDF6002EB67B /* GetCurrenciesUseCaseImplTests.swift */,
				AA5D83AE2A2F07F9002EB67B /* ListSortedCurrenciesUseCaseImplTests.swift */,
			);
			path = UseCases;
			sourceTree = "<group>";
		};
		AA5D83A92A2F0542002EB67B /* ListSortedCurrenciesUseCase */ = {
			isa = PBXGroup;
			children = (
				AA5D83AA2A2F0560002EB67B /* ListSortedCurrenciesUseCase.swift */,
				AA5D83AC2A2F06F3002EB67B /* ListSortedCurrenciesUseCaseImpl.swift */,
			);
			path = ListSortedCurrenciesUseCase;
			sourceTree = "<group>";
		};
		AAA5F95E2A311F630062AD3F /* DateProvider */ = {
			isa = PBXGroup;
			children = (
				AAA5F9622A3129470062AD3F /* DateProvider.swift */,
				AA0E59822A31D4DB00C5D082 /* DateProviderImpl.swift */,
			);
			path = DateProvider;
			sourceTree = "<group>";
		};
		AAA5F9642A313A110062AD3F /* LatestRates */ = {
			isa = PBXGroup;
			children = (
				AAA5F9652A313A330062AD3F /* LatestRatesEndpoint.swift */,
				AAA5F96C2A313BA40062AD3F /* LatestRatesEndpointDataMapper */,
				AAA5F9712A313DB90062AD3F /* LatestRatesService */,
			);
			path = LatestRates;
			sourceTree = "<group>";
		};
		AAA5F9672A313AB70062AD3F /* LatestRates */ = {
			isa = PBXGroup;
			children = (
				AAA5F9682A313AD40062AD3F /* LatestRatesEndpointTests.swift */,
				AAA5F96D2A313BF90062AD3F /* LatestRatesEndpointDataMapperImplTests.swift */,
				AAA5F9762A313E610062AD3F /* LatestRatesServiceImplTests.swift */,
				AA0E597E2A31D1E400C5D082 /* LatestRatesServiceCachedTests.swift */,
			);
			path = LatestRates;
			sourceTree = "<group>";
		};
		AAA5F96C2A313BA40062AD3F /* LatestRatesEndpointDataMapper */ = {
			isa = PBXGroup;
			children = (
				AAA5F96A2A313B980062AD3F /* LatestRatesEndpointDataMapper.swift */,
				AAA5F96F2A313CE70062AD3F /* LatestRatesEndpointDataMapperImpl.swift */,
			);
			path = LatestRatesEndpointDataMapper;
			sourceTree = "<group>";
		};
		AAA5F9712A313DB90062AD3F /* LatestRatesService */ = {
			isa = PBXGroup;
			children = (
				AAA5F9722A313DDF0062AD3F /* LatestRatesService.swift */,
				AAA5F9742A313E0D0062AD3F /* LatestRatesServiceImpl.swift */,
				AA0E59802A31D37900C5D082 /* LatestRatesServiceCached.swift */,
			);
			path = LatestRatesService;
			sourceTree = "<group>";
		};
		AAA5F97A2A31404E0062AD3F /* Services */ = {
			isa = PBXGroup;
			children = (
				AAA5F9832A3141770062AD3F /* CurrencyConverterServiceImplTests.swift */,
			);
			path = Services;
			sourceTree = "<group>";
		};
		AAA5F97E2A31409D0062AD3F /* Services */ = {
			isa = PBXGroup;
			children = (
				AAA5F9812A3141120062AD3F /* CurrencyConverterServiceImpl.swift */,
			);
			path = Services;
			sourceTree = "<group>";
		};
		AAA5F9852A314F5D0062AD3F /* CurrencyConverterViewController */ = {
			isa = PBXGroup;
			children = (
				AA0E596E2A31BCF800C5D082 /* CurrencyConverterViewController.swift */,
				AA0E59702A31BD0B00C5D082 /* CurrencyConverterViewController+Layout.swift */,
				AA0E59722A31BD1200C5D082 /* CurrencyConverterViewController+Styles.swift */,
				AA0E596A2A31B0F000C5D082 /* Item */,
				AAA5F9872A314F830062AD3F /* ViewModel */,
			);
			path = CurrencyConverterViewController;
			sourceTree = "<group>";
		};
		AAA5F9872A314F830062AD3F /* ViewModel */ = {
			isa = PBXGroup;
			children = (
				AAA5F9882A314F9A0062AD3F /* CurrencyConverterViewControllerViewModel.swift */,
				AA0E59A22A321B0900C5D082 /* CurrencyConverterViewControllerViewModelFactory.swift */,
				AA0E59A42A321B3A00C5D082 /* CurrencyConverterViewControllerViewModelImplFactory.swift */,
				AAA5F98A2A3150FC0062AD3F /* CurrencyConverterViewControllerViewModelImpl.swift */,
			);
			path = ViewModel;
			sourceTree = "<group>";
		};
		AAA5F98C2A3151F20062AD3F /* CurrencyConverterViewController */ = {
			isa = PBXGroup;
			children = (
				AAA5F98D2A31520B0062AD3F /* ViewModel */,
			);
			path = CurrencyConverterViewController;
			sourceTree = "<group>";
		};
		AAA5F98D2A31520B0062AD3F /* ViewModel */ = {
			isa = PBXGroup;
			children = (
				AAA5F98E2A3152190062AD3F /* CurrencyConverterViewControllerViewModelImplTests.swift */,
			);
			path = ViewModel;
			sourceTree = "<group>";
		};
		AAA5F9902A3153A90062AD3F /* ConvertCurrencyUseCase */ = {
			isa = PBXGroup;
			children = (
				AAA5F9912A3153BF0062AD3F /* ConvertCurrencyUseCase.swift */,
				AAA5F9932A3153C60062AD3F /* ConvertCurrencyUseCaseImpl.swift */,
			);
			path = ConvertCurrencyUseCase;
			sourceTree = "<group>";
		};
		AAA5F9952A3155060062AD3F /* Services */ = {
			isa = PBXGroup;
			children = (
				AAA5F97F2A3140A60062AD3F /* CurrencyConverterService.swift */,
			);
			path = Services;
			sourceTree = "<group>";
		};
		AAC875882A2BD16800317B74 = {
			isa = PBXGroup;
			children = (
				AAC875932A2BD16800317B74 /* CurrencyConverter */,
				AAC875AA2A2BD16A00317B74 /* CurrencyConverterTests */,
				AAC875B42A2BD16A00317B74 /* CurrencyConverterUITests */,
				AAC875922A2BD16800317B74 /* Products */,
			);
			sourceTree = "<group>";
		};
		AAC875922A2BD16800317B74 /* Products */ = {
			isa = PBXGroup;
			children = (
				AAC875912A2BD16800317B74 /* CurrencyConverter.app */,
				AAC875A72A2BD16A00317B74 /* CurrencyConverterTests.xctest */,
				AAC875B12A2BD16A00317B74 /* CurrencyConverterUITests.xctest */,
			);
			name = Products;
			sourceTree = "<group>";
		};
		AAC875932A2BD16800317B74 /* CurrencyConverter */ = {
			isa = PBXGroup;
			children = (
				AAC875C72A2BD19500317B74 /* Application */,
				AAC875C62A2BD18B00317B74 /* Presentation */,
				AAC875C52A2BD18500317B74 /* Data */,
				AAC875C42A2BD17D00317B74 /* Domain */,
				AAC8759A2A2BD16800317B74 /* Main.storyboard */,
				AAC8759F2A2BD16900317B74 /* LaunchScreen.storyboard */,
				AAC875A22A2BD16900317B74 /* Info.plist */,
			);
			path = CurrencyConverter;
			sourceTree = "<group>";
		};
		AAC875AA2A2BD16A00317B74 /* CurrencyConverterTests */ = {
			isa = PBXGroup;
			children = (
				AA0E598D2A3207F000C5D082 /* Application */,
				AAC875AB2A2BD16A00317B74 /* CurrencyConverterTests.swift */,
				AAC875CC2A2BD23600317B74 /* Data */,
				AAC875CB2A2BD23000317B74 /* Domain */,
				AAC875CD2A2BD24500317B74 /* Presentation */,
			);
			path = CurrencyConverterTests;
			sourceTree = "<group>";
		};
		AAC875B42A2BD16A00317B74 /* CurrencyConverterUITests */ = {
			isa = PBXGroup;
			children = (
				AAC875B52A2BD16A00317B74 /* CurrencyConverterUITests.swift */,
				AAC875B72A2BD16A00317B74 /* CurrencyConverterUITestsLaunchTests.swift */,
			);
			path = CurrencyConverterUITests;
			sourceTree = "<group>";
		};
		AAC875C42A2BD17D00317B74 /* Domain */ = {
			isa = PBXGroup;
			children = (
				AA5D83A12A2EFCCF002EB67B /* Model */,
				AAC875CA2A2BD1FC00317B74 /* Interfaces */,
				AAC875C92A2BD1F600317B74 /* UseCases */,
			);
			path = Domain;
			sourceTree = "<group>";
		};
		AAC875C52A2BD18500317B74 /* Data */ = {
			isa = PBXGroup;
			children = (
				AAA5F97E2A31409D0062AD3F /* Services */,
				AA4A06E92A2D29BC00E215BD /* Models */,
				AA4A06DA2A2CF5B100E215BD /* API */,
				AA4A06802A2C5C8700E215BD /* Utils */,
			);
			path = Data;
			sourceTree = "<group>";
		};
		AAC875C62A2BD18B00317B74 /* Presentation */ = {
			isa = PBXGroup;
			children = (
				AA0E597A2A31C71000C5D082 /* CommonComponents */,
				AA40341B2A2F30AF00F4E5DD /* Pages */,
			);
			path = Presentation;
			sourceTree = "<group>";
		};
		AAC875C72A2BD19500317B74 /* Application */ = {
			isa = PBXGroup;
			children = (
				AA0E59842A3204E900C5D082 /* Flows */,
				AAC875942A2BD16800317B74 /* AppDelegate.swift */,
				AAC875962A2BD16800317B74 /* SceneDelegate.swift */,
				AAC875C82A2BD1AD00317B74 /* SupportFiles */,
			);
			path = Application;
			sourceTree = "<group>";
		};
		AAC875C82A2BD1AD00317B74 /* SupportFiles */ = {
			isa = PBXGroup;
			children = (
				AAC8759D2A2BD16900317B74 /* Assets.xcassets */,
			);
			path = SupportFiles;
			sourceTree = "<group>";
		};
		AAC875C92A2BD1F600317B74 /* UseCases */ = {
			isa = PBXGroup;
			children = (
				AAA5F9902A3153A90062AD3F /* ConvertCurrencyUseCase */,
				AA5D83A92A2F0542002EB67B /* ListSortedCurrenciesUseCase */,
				AA5D839E2A2EFC80002EB67B /* GetCurrenciesUseCase */,
			);
			path = UseCases;
			sourceTree = "<group>";
		};
		AAC875CA2A2BD1FC00317B74 /* Interfaces */ = {
			isa = PBXGroup;
			children = (
				AAA5F9952A3155060062AD3F /* Services */,
			);
			path = Interfaces;
			sourceTree = "<group>";
		};
		AAC875CB2A2BD23000317B74 /* Domain */ = {
			isa = PBXGroup;
			children = (
				AA5D83A62A2EFDE3002EB67B /* UseCases */,
			);
			path = Domain;
			sourceTree = "<group>";
		};
		AAC875CC2A2BD23600317B74 /* Data */ = {
			isa = PBXGroup;
			children = (
				AAA5F97A2A31404E0062AD3F /* Services */,
				AA4A06E22A2D247E00E215BD /* API */,
				AA4A067C2A2C54B400E215BD /* Utils */,
			);
			path = Data;
			sourceTree = "<group>";
		};
		AAC875CD2A2BD24500317B74 /* Presentation */ = {
			isa = PBXGroup;
			children = (
				AAA5F98C2A3151F20062AD3F /* CurrencyConverterViewController */,
				AA4034232A2F35E500F4E5DD /* CurrencySelectionViewController */,
			);
			path = Presentation;
			sourceTree = "<group>";
		};
/* End PBXGroup section */

/* Begin PBXNativeTarget section */
		AAC875902A2BD16800317B74 /* CurrencyConverter */ = {
			isa = PBXNativeTarget;
			buildConfigurationList = AAC875BB2A2BD16A00317B74 /* Build configuration list for PBXNativeTarget "CurrencyConverter" */;
			buildPhases = (
				AAC8758D2A2BD16800317B74 /* Sources */,
				AAC8758E2A2BD16800317B74 /* Frameworks */,
				AAC8758F2A2BD16800317B74 /* Resources */,
			);
			buildRules = (
			);
			dependencies = (
			);
			name = CurrencyConverter;
			productName = CurrencyConverter;
			productReference = AAC875912A2BD16800317B74 /* CurrencyConverter.app */;
			productType = "com.apple.product-type.application";
		};
		AAC875A62A2BD16A00317B74 /* CurrencyConverterTests */ = {
			isa = PBXNativeTarget;
			buildConfigurationList = AAC875BE2A2BD16A00317B74 /* Build configuration list for PBXNativeTarget "CurrencyConverterTests" */;
			buildPhases = (
				AAC875A32A2BD16A00317B74 /* Sources */,
				AAC875A42A2BD16A00317B74 /* Frameworks */,
				AAC875A52A2BD16A00317B74 /* Resources */,
			);
			buildRules = (
			);
			dependencies = (
				AAC875A92A2BD16A00317B74 /* PBXTargetDependency */,
			);
			name = CurrencyConverterTests;
			packageProductDependencies = (
			);
			productName = CurrencyConverterTests;
			productReference = AAC875A72A2BD16A00317B74 /* CurrencyConverterTests.xctest */;
			productType = "com.apple.product-type.bundle.unit-test";
		};
		AAC875B02A2BD16A00317B74 /* CurrencyConverterUITests */ = {
			isa = PBXNativeTarget;
			buildConfigurationList = AAC875C12A2BD16A00317B74 /* Build configuration list for PBXNativeTarget "CurrencyConverterUITests" */;
			buildPhases = (
				AAC875AD2A2BD16A00317B74 /* Sources */,
				AAC875AE2A2BD16A00317B74 /* Frameworks */,
				AAC875AF2A2BD16A00317B74 /* Resources */,
			);
			buildRules = (
			);
			dependencies = (
				AAC875B32A2BD16A00317B74 /* PBXTargetDependency */,
			);
			name = CurrencyConverterUITests;
			productName = CurrencyConverterUITests;
			productReference = AAC875B12A2BD16A00317B74 /* CurrencyConverterUITests.xctest */;
			productType = "com.apple.product-type.bundle.ui-testing";
		};
/* End PBXNativeTarget section */

/* Begin PBXProject section */
		AAC875892A2BD16800317B74 /* Project object */ = {
			isa = PBXProject;
			attributes = {
				BuildIndependentTargetsInParallel = 1;
				LastSwiftUpdateCheck = 1430;
				LastUpgradeCheck = 1430;
				TargetAttributes = {
					AAC875902A2BD16800317B74 = {
						CreatedOnToolsVersion = 14.3;
					};
					AAC875A62A2BD16A00317B74 = {
						CreatedOnToolsVersion = 14.3;
						TestTargetID = AAC875902A2BD16800317B74;
					};
					AAC875B02A2BD16A00317B74 = {
						CreatedOnToolsVersion = 14.3;
						TestTargetID = AAC875902A2BD16800317B74;
					};
				};
			};
			buildConfigurationList = AAC8758C2A2BD16800317B74 /* Build configuration list for PBXProject "CurrencyConverter" */;
			compatibilityVersion = "Xcode 14.0";
			developmentRegion = en;
			hasScannedForEncodings = 0;
			knownRegions = (
				en,
				Base,
			);
			mainGroup = AAC875882A2BD16800317B74;
			packageReferences = (
			);
			productRefGroup = AAC875922A2BD16800317B74 /* Products */;
			projectDirPath = "";
			projectRoot = "";
			targets = (
				AAC875902A2BD16800317B74 /* CurrencyConverter */,
				AAC875A62A2BD16A00317B74 /* CurrencyConverterTests */,
				AAC875B02A2BD16A00317B74 /* CurrencyConverterUITests */,
			);
		};
/* End PBXProject section */

/* Begin PBXResourcesBuildPhase section */
		AAC8758F2A2BD16800317B74 /* Resources */ = {
			isa = PBXResourcesBuildPhase;
			buildActionMask = 2147483647;
			files = (
				AAC875A12A2BD16900317B74 /* LaunchScreen.storyboard in Resources */,
				AAC8759E2A2BD16900317B74 /* Assets.xcassets in Resources */,
				AAC8759C2A2BD16800317B74 /* Main.storyboard in Resources */,
			);
			runOnlyForDeploymentPostprocessing = 0;
		};
		AAC875A52A2BD16A00317B74 /* Resources */ = {
			isa = PBXResourcesBuildPhase;
			buildActionMask = 2147483647;
			files = (
			);
			runOnlyForDeploymentPostprocessing = 0;
		};
		AAC875AF2A2BD16A00317B74 /* Resources */ = {
			isa = PBXResourcesBuildPhase;
			buildActionMask = 2147483647;
			files = (
			);
			runOnlyForDeploymentPostprocessing = 0;
		};
/* End PBXResourcesBuildPhase section */

/* Begin PBXSourcesBuildPhase section */
		AAC8758D2A2BD16800317B74 /* Sources */ = {
			isa = PBXSourcesBuildPhase;
			buildActionMask = 2147483647;
			files = (
				AA0E59992A3215DA00C5D082 /* SelectCurrencyFlowPresenterFactory.swift in Sources */,
				AA0E596F2A31BCF800C5D082 /* CurrencyConverterViewController.swift in Sources */,
				AA0E59972A32154600C5D082 /* SelectCurrencyFlowPresenter.swift in Sources */,
				AA0E599B2A3216B100C5D082 /* SelectCurrencyFlowPresenterImpl.swift in Sources */,
				AA4034382A2F6BCF00F4E5DD /* CurrencySelectionViewController+Layout.swift in Sources */,
				AA5D83A52A2EFD72002EB67B /* GetCurrenciesUseCaseImpl.swift in Sources */,
				AA4034302A2F626000F4E5DD /* CurrencySelectionItemCell.swift in Sources */,
				AAA5F9702A313CE70062AD3F /* LatestRatesEndpointDataMapperImpl.swift in Sources */,
				AA4A06DC2A2CF92800E215BD /* HTTPClientTaskImpl.swift in Sources */,
				AA1439882A2FCCBB00D8F604 /* BinaryLocalStorage.swift in Sources */,
				AA14399E2A2FD61000D8F604 /* LocalStorageFiles.swift in Sources */,
				AA0E59A52A321B3A00C5D082 /* CurrencyConverterViewControllerViewModelImplFactory.swift in Sources */,
				AAC875992A2BD16800317B74 /* CurrencySelectionViewController.swift in Sources */,
				AA0E59792A31C14C00C5D082 /* CurrencyConverterViewControllerItemCell+Layout.swift in Sources */,
				AA4A06862A2C5CC600E215BD /* HTTPClient.swift in Sources */,
				AA1439982A2FD48900D8F604 /* DataCoder.swift in Sources */,
				AA0E59882A32051700C5D082 /* SelectCurrencyFlowModel.swift in Sources */,
				AA0E59922A32089D00C5D082 /* CurrencySelectionViewControllerViewModelFactory.swift in Sources */,
				AA0E596D2A31B10A00C5D082 /* CurrencyConverterViewControllerItemViewModel.swift in Sources */,
				AAA5F98B2A3150FC0062AD3F /* CurrencyConverterViewControllerViewModelImpl.swift in Sources */,
				AAA5F9942A3153C60062AD3F /* ConvertCurrencyUseCaseImpl.swift in Sources */,
				AA4A06842A2C5CB300E215BD /* HTTPClientTask.swift in Sources */,
				AA4034362A2F6BC700F4E5DD /* CurrencySelectionViewController+Styles.swift in Sources */,
				AA4A06F72A2D31F100E215BD /* CurrenciesServiceImpl.swift in Sources */,
				AA4A06F32A2D2D2B00E215BD /* CurrenciesEndpointDataMapperImpl.swift in Sources */,
				AA0E59712A31BD0B00C5D082 /* CurrencyConverterViewController+Layout.swift in Sources */,
				AA4A06EC2A2D2A4800E215BD /* CurrenciesEndpointDataMapper.swift in Sources */,
				AA0E59A32A321B0900C5D082 /* CurrencyConverterViewControllerViewModelFactory.swift in Sources */,
				AAA5F9822A3141120062AD3F /* CurrencyConverterServiceImpl.swift in Sources */,
				AA0E59812A31D37900C5D082 /* LatestRatesServiceCached.swift in Sources */,
				AA4034342A2F660600F4E5DD /* CurrencySelectionItemCell+Layout.swift in Sources */,
				AA0E59942A3208E300C5D082 /* CurrencySelectionViewControllerViewModelImplFactory.swift in Sources */,
				AA4A06F52A2D315600E215BD /* CurrenciesService.swift in Sources */,
				AA0E59752A31C11900C5D082 /* CurrencyConverterViewControllerItemCell.swift in Sources */,
				AAC875952A2BD16800317B74 /* AppDelegate.swift in Sources */,
				AA4A06882A2C5CED00E215BD /* HTTPClientImpl.swift in Sources */,
				AAA5F96B2A313B980062AD3F /* LatestRatesEndpointDataMapper.swift in Sources */,
				AA40342C2A2F3F9100F4E5DD /* CurrencySelectionViewControllerViewModelImpl.swift in Sources */,
				AA0E59A12A3219BB00C5D082 /* MainFlowModelImpl.swift in Sources */,
				AAA5F9752A313E0D0062AD3F /* LatestRatesServiceImpl.swift in Sources */,
				AAA5F9922A3153BF0062AD3F /* ConvertCurrencyUseCase.swift in Sources */,
				AA1439A02A2FDDA100D8F604 /* CurrenciesServiceCached.swift in Sources */,
				AA1439922A2FD3BD00D8F604 /* LocalStorage.swift in Sources */,
				AA40341F2A2F30FF00F4E5DD /* CurrencySelectionViewControllerViewModel.swift in Sources */,
				AA0E598C2A32077600C5D082 /* SelectCurrencyFlowModelImpl.swift in Sources */,
				AA14398B2A2FCCDC00D8F604 /* BinaryLocalStorageImpl.swift in Sources */,
				AA14399A2A2FD48E00D8F604 /* DataCoderJSON.swift in Sources */,
				AAA5F9632A3129470062AD3F /* DateProvider.swift in Sources */,
				AAC875972A2BD16800317B74 /* SceneDelegate.swift in Sources */,
				AA5D83A02A2EFCBA002EB67B /* GetCurrenciesUseCase.swift in Sources */,
				AA5D83A32A2EFCDB002EB67B /* Currency.swift in Sources */,
				AA5D83AD2A2F06F3002EB67B /* ListSortedCurrenciesUseCaseImpl.swift in Sources */,
				AA0E598A2A32072700C5D082 /* SelectCurrencyFlowModelFactory.swift in Sources */,
				AA4A06E82A2D285D00E215BD /* CurrenciesEndpoint.swift in Sources */,
				AA4034222A2F359C00F4E5DD /* CurrencySelectionItemViewModel.swift in Sources */,
				AA0E597D2A31C72F00C5D082 /* TextFieldWithInsets.swift in Sources */,
				AA4034322A2F65FD00F4E5DD /* CurrencySelectionItemCell+Styles.swift in Sources */,
				AA0E59772A31C14400C5D082 /* CurrencyConverterViewControllerItemCell+Styles.swift in Sources */,
				AAA5F9662A313A330062AD3F /* LatestRatesEndpoint.swift in Sources */,
				AA0E59732A31BD1200C5D082 /* CurrencyConverterViewController+Styles.swift in Sources */,
				AA5D83AB2A2F0560002EB67B /* ListSortedCurrenciesUseCase.swift in Sources */,
				AAA5F9802A3140A60062AD3F /* CurrencyConverterService.swift in Sources */,
				AAA5F9892A314F9A0062AD3F /* CurrencyConverterViewControllerViewModel.swift in Sources */,
				AA0E599F2A32193F00C5D082 /* MainFlowModel.swift in Sources */,
				AAA5F9732A313DDF0062AD3F /* LatestRatesService.swift in Sources */,
				AA1439842A2FC58E00D8F604 /* CurrenciesEmojies.swift in Sources */,
				AA0E59832A31D4DB00C5D082 /* DateProviderImpl.swift in Sources */,
			);
			runOnlyForDeploymentPostprocessing = 0;
		};
		AAC875A32A2BD16A00317B74 /* Sources */ = {
			isa = PBXSourcesBuildPhase;
			buildActionMask = 2147483647;
			files = (
				AA5D839B2A2EFB17002EB67B /* CurrenciesEndpointDataMapperMock.swift in Sources */,
				AA4A06DE2A2D183A00E215BD /* HTTPClientTaskTests.swift in Sources */,
				AA5D83A82A2EFDF6002EB67B /* GetCurrenciesUseCaseImplTests.swift in Sources */,
				AA4A06F02A2D2C0300E215BD /* CurrenciesEndpointDataMapperTests.swift in Sources */,
				AA0E59902A32082400C5D082 /* SelectCurrencyFlowModelImplTests.swift in Sources */,
				AA4A067F2A2C54D700E215BD /* HTTPClientTests.swift in Sources */,
				AA0E597F2A31D1E400C5D082 /* LatestRatesServiceCachedTests.swift in Sources */,
				AAA5F98F2A3152190062AD3F /* CurrencyConverterViewControllerViewModelImplTests.swift in Sources */,
				AAA5F9772A313E610062AD3F /* LatestRatesServiceImplTests.swift in Sources */,
				AA4A06E52A2D269700E215BD /* CurrenciesEndpointTests.swift in Sources */,
				AAC875AC2A2BD16A00317B74 /* CurrencyConverterTests.swift in Sources */,
				AAA5F9842A3141770062AD3F /* CurrencyConverterServiceImplTests.swift in Sources */,
				AA4034282A2F389400F4E5DD /* CurrencySelectionViewControllerViewModelTests.swift in Sources */,
				AA4A06F92A2D321E00E215BD /* CurrenciesServiceTests.swift in Sources */,
				AA4A06E12A2D1EFC00E215BD /* URLProtocolStub.swift in Sources */,
				AA0E59A72A321D7D00C5D082 /* MainFlowModelImplTests.swift in Sources */,
				AA5D83AF2A2F07F9002EB67B /* ListSortedCurrenciesUseCaseImplTests.swift in Sources */,
				AA4034262A2F361500F4E5DD /* CurrencySelectionItemViewModelTests.swift in Sources */,
				AAA5F96E2A313BF90062AD3F /* LatestRatesEndpointDataMapperImplTests.swift in Sources */,
				AA5D83972A2EFB02002EB67B /* HTTPClientTaskMock.swift in Sources */,
				AA5D83992A2EFB0D002EB67B /* HTTPClientMock.swift in Sources */,
				AAA5F9792A313EC80062AD3F /* LatestRatesEndpointDataMapperMock.swift in Sources */,
				AA14399C2A2FD5D700D8F604 /* LocalStorageFilesTests.swift in Sources */,
				AA14398F2A2FCD6600D8F604 /* BinaryLocalStorageImplTests.swift in Sources */,
				AA1439A22A2FDE7E00D8F604 /* CurrenciesServiceCachedTests.swift in Sources */,
				AA1439952A2FD41600D8F604 /* DataCoderJSONTests.swift in Sources */,
				AAA5F9692A313AD40062AD3F /* LatestRatesEndpointTests.swift in Sources */,
			);
			runOnlyForDeploymentPostprocessing = 0;
		};
		AAC875AD2A2BD16A00317B74 /* Sources */ = {
			isa = PBXSourcesBuildPhase;
			buildActionMask = 2147483647;
			files = (
				AAC875B82A2BD16A00317B74 /* CurrencyConverterUITestsLaunchTests.swift in Sources */,
				AAC875B62A2BD16A00317B74 /* CurrencyConverterUITests.swift in Sources */,
			);
			runOnlyForDeploymentPostprocessing = 0;
		};
/* End PBXSourcesBuildPhase section */

/* Begin PBXTargetDependency section */
		AAC875A92A2BD16A00317B74 /* PBXTargetDependency */ = {
			isa = PBXTargetDependency;
			target = AAC875902A2BD16800317B74 /* CurrencyConverter */;
			targetProxy = AAC875A82A2BD16A00317B74 /* PBXContainerItemProxy */;
		};
		AAC875B32A2BD16A00317B74 /* PBXTargetDependency */ = {
			isa = PBXTargetDependency;
			target = AAC875902A2BD16800317B74 /* CurrencyConverter */;
			targetProxy = AAC875B22A2BD16A00317B74 /* PBXContainerItemProxy */;
		};
/* End PBXTargetDependency section */

/* Begin PBXVariantGroup section */
		AAC8759A2A2BD16800317B74 /* Main.storyboard */ = {
			isa = PBXVariantGroup;
			children = (
				AAC8759B2A2BD16800317B74 /* Base */,
			);
			name = Main.storyboard;
			sourceTree = "<group>";
		};
		AAC8759F2A2BD16900317B74 /* LaunchScreen.storyboard */ = {
			isa = PBXVariantGroup;
			children = (
				AAC875A02A2BD16900317B74 /* Base */,
			);
			name = LaunchScreen.storyboard;
			sourceTree = "<group>";
		};
/* End PBXVariantGroup section */

/* Begin XCBuildConfiguration section */
		AAC875B92A2BD16A00317B74 /* Debug */ = {
			isa = XCBuildConfiguration;
			buildSettings = {
				ALWAYS_SEARCH_USER_PATHS = NO;
				CLANG_ANALYZER_NONNULL = YES;
				CLANG_ANALYZER_NUMBER_OBJECT_CONVERSION = YES_AGGRESSIVE;
				CLANG_CXX_LANGUAGE_STANDARD = "gnu++20";
				CLANG_ENABLE_MODULES = YES;
				CLANG_ENABLE_OBJC_ARC = YES;
				CLANG_ENABLE_OBJC_WEAK = YES;
				CLANG_WARN_BLOCK_CAPTURE_AUTORELEASING = YES;
				CLANG_WARN_BOOL_CONVERSION = YES;
				CLANG_WARN_COMMA = YES;
				CLANG_WARN_CONSTANT_CONVERSION = YES;
				CLANG_WARN_DEPRECATED_OBJC_IMPLEMENTATIONS = YES;
				CLANG_WARN_DIRECT_OBJC_ISA_USAGE = YES_ERROR;
				CLANG_WARN_DOCUMENTATION_COMMENTS = YES;
				CLANG_WARN_EMPTY_BODY = YES;
				CLANG_WARN_ENUM_CONVERSION = YES;
				CLANG_WARN_INFINITE_RECURSION = YES;
				CLANG_WARN_INT_CONVERSION = YES;
				CLANG_WARN_NON_LITERAL_NULL_CONVERSION = YES;
				CLANG_WARN_OBJC_IMPLICIT_RETAIN_SELF = YES;
				CLANG_WARN_OBJC_LITERAL_CONVERSION = YES;
				CLANG_WARN_OBJC_ROOT_CLASS = YES_ERROR;
				CLANG_WARN_QUOTED_INCLUDE_IN_FRAMEWORK_HEADER = YES;
				CLANG_WARN_RANGE_LOOP_ANALYSIS = YES;
				CLANG_WARN_STRICT_PROTOTYPES = YES;
				CLANG_WARN_SUSPICIOUS_MOVE = YES;
				CLANG_WARN_UNGUARDED_AVAILABILITY = YES_AGGRESSIVE;
				CLANG_WARN_UNREACHABLE_CODE = YES;
				CLANG_WARN__DUPLICATE_METHOD_MATCH = YES;
				COPY_PHASE_STRIP = NO;
				DEBUG_INFORMATION_FORMAT = dwarf;
				ENABLE_STRICT_OBJC_MSGSEND = YES;
				ENABLE_TESTABILITY = YES;
				GCC_C_LANGUAGE_STANDARD = gnu11;
				GCC_DYNAMIC_NO_PIC = NO;
				GCC_NO_COMMON_BLOCKS = YES;
				GCC_OPTIMIZATION_LEVEL = 0;
				GCC_PREPROCESSOR_DEFINITIONS = (
					"DEBUG=1",
					"$(inherited)",
				);
				GCC_WARN_64_TO_32_BIT_CONVERSION = YES;
				GCC_WARN_ABOUT_RETURN_TYPE = YES_ERROR;
				GCC_WARN_UNDECLARED_SELECTOR = YES;
				GCC_WARN_UNINITIALIZED_AUTOS = YES_AGGRESSIVE;
				GCC_WARN_UNUSED_FUNCTION = YES;
				GCC_WARN_UNUSED_VARIABLE = YES;
				IPHONEOS_DEPLOYMENT_TARGET = 13.0;
				MTL_ENABLE_DEBUG_INFO = INCLUDE_SOURCE;
				MTL_FAST_MATH = YES;
				ONLY_ACTIVE_ARCH = YES;
				SDKROOT = iphoneos;
				SWIFT_ACTIVE_COMPILATION_CONDITIONS = DEBUG;
				SWIFT_OPTIMIZATION_LEVEL = "-Onone";
			};
			name = Debug;
		};
		AAC875BA2A2BD16A00317B74 /* Release */ = {
			isa = XCBuildConfiguration;
			buildSettings = {
				ALWAYS_SEARCH_USER_PATHS = NO;
				CLANG_ANALYZER_NONNULL = YES;
				CLANG_ANALYZER_NUMBER_OBJECT_CONVERSION = YES_AGGRESSIVE;
				CLANG_CXX_LANGUAGE_STANDARD = "gnu++20";
				CLANG_ENABLE_MODULES = YES;
				CLANG_ENABLE_OBJC_ARC = YES;
				CLANG_ENABLE_OBJC_WEAK = YES;
				CLANG_WARN_BLOCK_CAPTURE_AUTORELEASING = YES;
				CLANG_WARN_BOOL_CONVERSION = YES;
				CLANG_WARN_COMMA = YES;
				CLANG_WARN_CONSTANT_CONVERSION = YES;
				CLANG_WARN_DEPRECATED_OBJC_IMPLEMENTATIONS = YES;
				CLANG_WARN_DIRECT_OBJC_ISA_USAGE = YES_ERROR;
				CLANG_WARN_DOCUMENTATION_COMMENTS = YES;
				CLANG_WARN_EMPTY_BODY = YES;
				CLANG_WARN_ENUM_CONVERSION = YES;
				CLANG_WARN_INFINITE_RECURSION = YES;
				CLANG_WARN_INT_CONVERSION = YES;
				CLANG_WARN_NON_LITERAL_NULL_CONVERSION = YES;
				CLANG_WARN_OBJC_IMPLICIT_RETAIN_SELF = YES;
				CLANG_WARN_OBJC_LITERAL_CONVERSION = YES;
				CLANG_WARN_OBJC_ROOT_CLASS = YES_ERROR;
				CLANG_WARN_QUOTED_INCLUDE_IN_FRAMEWORK_HEADER = YES;
				CLANG_WARN_RANGE_LOOP_ANALYSIS = YES;
				CLANG_WARN_STRICT_PROTOTYPES = YES;
				CLANG_WARN_SUSPICIOUS_MOVE = YES;
				CLANG_WARN_UNGUARDED_AVAILABILITY = YES_AGGRESSIVE;
				CLANG_WARN_UNREACHABLE_CODE = YES;
				CLANG_WARN__DUPLICATE_METHOD_MATCH = YES;
				COPY_PHASE_STRIP = NO;
				DEBUG_INFORMATION_FORMAT = "dwarf-with-dsym";
				ENABLE_NS_ASSERTIONS = NO;
				ENABLE_STRICT_OBJC_MSGSEND = YES;
				GCC_C_LANGUAGE_STANDARD = gnu11;
				GCC_NO_COMMON_BLOCKS = YES;
				GCC_WARN_64_TO_32_BIT_CONVERSION = YES;
				GCC_WARN_ABOUT_RETURN_TYPE = YES_ERROR;
				GCC_WARN_UNDECLARED_SELECTOR = YES;
				GCC_WARN_UNINITIALIZED_AUTOS = YES_AGGRESSIVE;
				GCC_WARN_UNUSED_FUNCTION = YES;
				GCC_WARN_UNUSED_VARIABLE = YES;
				IPHONEOS_DEPLOYMENT_TARGET = 13.0;
				MTL_ENABLE_DEBUG_INFO = NO;
				MTL_FAST_MATH = YES;
				SDKROOT = iphoneos;
				SWIFT_COMPILATION_MODE = wholemodule;
				SWIFT_OPTIMIZATION_LEVEL = "-O";
				VALIDATE_PRODUCT = YES;
			};
			name = Release;
		};
		AAC875BC2A2BD16A00317B74 /* Debug */ = {
			isa = XCBuildConfiguration;
			buildSettings = {
				ASSETCATALOG_COMPILER_APPICON_NAME = AppIcon;
				ASSETCATALOG_COMPILER_GLOBAL_ACCENT_COLOR_NAME = AccentColor;
				CODE_SIGN_STYLE = Automatic;
				CURRENT_PROJECT_VERSION = 1;
				DEVELOPMENT_TEAM = 8JWF52JVK7;
				GENERATE_INFOPLIST_FILE = YES;
				INFOPLIST_FILE = CurrencyConverter/Info.plist;
				INFOPLIST_KEY_UIApplicationSupportsIndirectInputEvents = YES;
				INFOPLIST_KEY_UILaunchStoryboardName = LaunchScreen;
				INFOPLIST_KEY_UIMainStoryboardFile = Main;
				INFOPLIST_KEY_UISupportedInterfaceOrientations_iPad = "UIInterfaceOrientationPortrait UIInterfaceOrientationPortraitUpsideDown UIInterfaceOrientationLandscapeLeft UIInterfaceOrientationLandscapeRight";
				INFOPLIST_KEY_UISupportedInterfaceOrientations_iPhone = "UIInterfaceOrientationPortrait UIInterfaceOrientationLandscapeLeft UIInterfaceOrientationLandscapeRight";
				IPHONEOS_DEPLOYMENT_TARGET = 13.0;
				LD_RUNPATH_SEARCH_PATHS = (
					"$(inherited)",
					"@executable_path/Frameworks",
				);
				MARKETING_VERSION = 1.0;
				PRODUCT_BUNDLE_IDENTIFIER = come.azatkaiumov.CurrencyConverter;
				PRODUCT_NAME = "$(TARGET_NAME)";
				SUPPORTED_PLATFORMS = "iphoneos iphonesimulator";
				SUPPORTS_MACCATALYST = NO;
				SUPPORTS_MAC_DESIGNED_FOR_IPHONE_IPAD = NO;
				SWIFT_EMIT_LOC_STRINGS = YES;
				SWIFT_VERSION = 5.0;
				TARGETED_DEVICE_FAMILY = 1;
			};
			name = Debug;
		};
		AAC875BD2A2BD16A00317B74 /* Release */ = {
			isa = XCBuildConfiguration;
			buildSettings = {
				ASSETCATALOG_COMPILER_APPICON_NAME = AppIcon;
				ASSETCATALOG_COMPILER_GLOBAL_ACCENT_COLOR_NAME = AccentColor;
				CODE_SIGN_STYLE = Automatic;
				CURRENT_PROJECT_VERSION = 1;
				DEVELOPMENT_TEAM = 8JWF52JVK7;
				GENERATE_INFOPLIST_FILE = YES;
				INFOPLIST_FILE = CurrencyConverter/Info.plist;
				INFOPLIST_KEY_UIApplicationSupportsIndirectInputEvents = YES;
				INFOPLIST_KEY_UILaunchStoryboardName = LaunchScreen;
				INFOPLIST_KEY_UIMainStoryboardFile = Main;
				INFOPLIST_KEY_UISupportedInterfaceOrientations_iPad = "UIInterfaceOrientationPortrait UIInterfaceOrientationPortraitUpsideDown UIInterfaceOrientationLandscapeLeft UIInterfaceOrientationLandscapeRight";
				INFOPLIST_KEY_UISupportedInterfaceOrientations_iPhone = "UIInterfaceOrientationPortrait UIInterfaceOrientationLandscapeLeft UIInterfaceOrientationLandscapeRight";
				IPHONEOS_DEPLOYMENT_TARGET = 13.0;
				LD_RUNPATH_SEARCH_PATHS = (
					"$(inherited)",
					"@executable_path/Frameworks",
				);
				MARKETING_VERSION = 1.0;
				PRODUCT_BUNDLE_IDENTIFIER = come.azatkaiumov.CurrencyConverter;
				PRODUCT_NAME = "$(TARGET_NAME)";
				SUPPORTED_PLATFORMS = "iphoneos iphonesimulator";
				SUPPORTS_MACCATALYST = NO;
				SUPPORTS_MAC_DESIGNED_FOR_IPHONE_IPAD = NO;
				SWIFT_EMIT_LOC_STRINGS = YES;
				SWIFT_VERSION = 5.0;
				TARGETED_DEVICE_FAMILY = 1;
			};
			name = Release;
		};
		AAC875BF2A2BD16A00317B74 /* Debug */ = {
			isa = XCBuildConfiguration;
			buildSettings = {
				ALWAYS_EMBED_SWIFT_STANDARD_LIBRARIES = YES;
				BUNDLE_LOADER = "$(TEST_HOST)";
				CODE_SIGN_STYLE = Automatic;
				CURRENT_PROJECT_VERSION = 1;
				DEVELOPMENT_TEAM = 8JWF52JVK7;
				GENERATE_INFOPLIST_FILE = YES;
				IPHONEOS_DEPLOYMENT_TARGET = 13.0;
				MARKETING_VERSION = 1.0;
				PRODUCT_BUNDLE_IDENTIFIER = come.azatkaiumov.CurrencyConverterTests;
				PRODUCT_NAME = "$(TARGET_NAME)";
				SUPPORTED_PLATFORMS = "iphoneos iphonesimulator";
				SUPPORTS_MACCATALYST = NO;
				SUPPORTS_MAC_DESIGNED_FOR_IPHONE_IPAD = NO;
				SWIFT_EMIT_LOC_STRINGS = NO;
				SWIFT_VERSION = 5.0;
				TARGETED_DEVICE_FAMILY = 1;
				TEST_HOST = "$(BUILT_PRODUCTS_DIR)/CurrencyConverter.app/$(BUNDLE_EXECUTABLE_FOLDER_PATH)/CurrencyConverter";
			};
			name = Debug;
		};
		AAC875C02A2BD16A00317B74 /* Release */ = {
			isa = XCBuildConfiguration;
			buildSettings = {
				ALWAYS_EMBED_SWIFT_STANDARD_LIBRARIES = YES;
				BUNDLE_LOADER = "$(TEST_HOST)";
				CODE_SIGN_STYLE = Automatic;
				CURRENT_PROJECT_VERSION = 1;
				DEVELOPMENT_TEAM = 8JWF52JVK7;
				GENERATE_INFOPLIST_FILE = YES;
				IPHONEOS_DEPLOYMENT_TARGET = 13.0;
				MARKETING_VERSION = 1.0;
				PRODUCT_BUNDLE_IDENTIFIER = come.azatkaiumov.CurrencyConverterTests;
				PRODUCT_NAME = "$(TARGET_NAME)";
				SUPPORTED_PLATFORMS = "iphoneos iphonesimulator";
				SUPPORTS_MACCATALYST = NO;
				SUPPORTS_MAC_DESIGNED_FOR_IPHONE_IPAD = NO;
				SWIFT_EMIT_LOC_STRINGS = NO;
				SWIFT_VERSION = 5.0;
				TARGETED_DEVICE_FAMILY = 1;
				TEST_HOST = "$(BUILT_PRODUCTS_DIR)/CurrencyConverter.app/$(BUNDLE_EXECUTABLE_FOLDER_PATH)/CurrencyConverter";
			};
			name = Release;
		};
		AAC875C22A2BD16A00317B74 /* Debug */ = {
			isa = XCBuildConfiguration;
			buildSettings = {
				ALWAYS_EMBED_SWIFT_STANDARD_LIBRARIES = YES;
				CODE_SIGN_STYLE = Automatic;
				CURRENT_PROJECT_VERSION = 1;
				DEVELOPMENT_TEAM = 8JWF52JVK7;
				GENERATE_INFOPLIST_FILE = YES;
				MARKETING_VERSION = 1.0;
				PRODUCT_BUNDLE_IDENTIFIER = come.azatkaiumov.CurrencyConverterUITests;
				PRODUCT_NAME = "$(TARGET_NAME)";
				SUPPORTED_PLATFORMS = "iphoneos iphonesimulator";
				SUPPORTS_MACCATALYST = NO;
				SUPPORTS_MAC_DESIGNED_FOR_IPHONE_IPAD = NO;
				SWIFT_EMIT_LOC_STRINGS = NO;
				SWIFT_VERSION = 5.0;
				TARGETED_DEVICE_FAMILY = 1;
				TEST_TARGET_NAME = CurrencyConverter;
			};
			name = Debug;
		};
		AAC875C32A2BD16A00317B74 /* Release */ = {
			isa = XCBuildConfiguration;
			buildSettings = {
				ALWAYS_EMBED_SWIFT_STANDARD_LIBRARIES = YES;
				CODE_SIGN_STYLE = Automatic;
				CURRENT_PROJECT_VERSION = 1;
				DEVELOPMENT_TEAM = 8JWF52JVK7;
				GENERATE_INFOPLIST_FILE = YES;
				MARKETING_VERSION = 1.0;
				PRODUCT_BUNDLE_IDENTIFIER = come.azatkaiumov.CurrencyConverterUITests;
				PRODUCT_NAME = "$(TARGET_NAME)";
				SUPPORTED_PLATFORMS = "iphoneos iphonesimulator";
				SUPPORTS_MACCATALYST = NO;
				SUPPORTS_MAC_DESIGNED_FOR_IPHONE_IPAD = NO;
				SWIFT_EMIT_LOC_STRINGS = NO;
				SWIFT_VERSION = 5.0;
				TARGETED_DEVICE_FAMILY = 1;
				TEST_TARGET_NAME = CurrencyConverter;
			};
			name = Release;
		};
/* End XCBuildConfiguration section */

/* Begin XCConfigurationList section */
		AAC8758C2A2BD16800317B74 /* Build configuration list for PBXProject "CurrencyConverter" */ = {
			isa = XCConfigurationList;
			buildConfigurations = (
				AAC875B92A2BD16A00317B74 /* Debug */,
				AAC875BA2A2BD16A00317B74 /* Release */,
			);
			defaultConfigurationIsVisible = 0;
			defaultConfigurationName = Release;
		};
		AAC875BB2A2BD16A00317B74 /* Build configuration list for PBXNativeTarget "CurrencyConverter" */ = {
			isa = XCConfigurationList;
			buildConfigurations = (
				AAC875BC2A2BD16A00317B74 /* Debug */,
				AAC875BD2A2BD16A00317B74 /* Release */,
			);
			defaultConfigurationIsVisible = 0;
			defaultConfigurationName = Release;
		};
		AAC875BE2A2BD16A00317B74 /* Build configuration list for PBXNativeTarget "CurrencyConverterTests" */ = {
			isa = XCConfigurationList;
			buildConfigurations = (
				AAC875BF2A2BD16A00317B74 /* Debug */,
				AAC875C02A2BD16A00317B74 /* Release */,
			);
			defaultConfigurationIsVisible = 0;
			defaultConfigurationName = Release;
		};
		AAC875C12A2BD16A00317B74 /* Build configuration list for PBXNativeTarget "CurrencyConverterUITests" */ = {
			isa = XCConfigurationList;
			buildConfigurations = (
				AAC875C22A2BD16A00317B74 /* Debug */,
				AAC875C32A2BD16A00317B74 /* Release */,
			);
			defaultConfigurationIsVisible = 0;
			defaultConfigurationName = Release;
		};
/* End XCConfigurationList section */
	};
	rootObject = AAC875892A2BD16800317B74 /* Project object */;
}
